{
  "version": 4,
  "terraform_version": "1.9.5",
  "serial": 55,
  "lineage": "5e6fcd5a-0020-e32c-31cf-3061a1fe0387",
  "outputs": {},
  "resources": [
    {
      "mode": "data",
      "type": "aws_ami",
      "name": "project_eks_ami",
      "provider": "provider[\"registry.terraform.io/hashicorp/aws\"]",
      "instances": [
        {
          "schema_version": 0,
          "attributes": {
            "architecture": "x86_64",
            "arn": "arn:aws:ec2:ap-northeast-2::image/ami-0a6a845afe72ba737",
            "block_device_mappings": [
              {
                "device_name": "/dev/xvda",
                "ebs": {
                  "delete_on_termination": "true",
                  "encrypted": "false",
                  "iops": "0",
                  "snapshot_id": "snap-0e01a605e283d7ffc",
                  "throughput": "0",
                  "volume_size": "20",
                  "volume_type": "gp2"
                },
                "no_device": "",
                "virtual_name": ""
              }
            ],
            "boot_mode": "",
            "creation_date": "2024-08-19T16:00:48.000Z",
            "deprecation_time": "2026-08-19T16:00:48.000Z",
            "description": "EKS Kubernetes Worker AMI with AmazonLinux2 image, (k8s: 1.28.11, containerd: 1.7.*)",
            "ena_support": true,
            "executable_users": null,
            "filter": [
              {
                "name": "name",
                "values": [
                  "amazon-eks-node-1.28-v*"
                ]
              }
            ],
            "hypervisor": "xen",
            "id": "ami-0a6a845afe72ba737",
            "image_id": "ami-0a6a845afe72ba737",
            "image_location": "amazon/amazon-eks-node-1.28-v20240817",
            "image_owner_alias": "amazon",
            "image_type": "machine",
            "imds_support": "",
            "include_deprecated": false,
            "kernel_id": "",
            "most_recent": true,
            "name": "amazon-eks-node-1.28-v20240817",
            "name_regex": null,
            "owner_id": "602401143452",
            "owners": [
              "amazon"
            ],
            "platform": "",
            "platform_details": "Linux/UNIX",
            "product_codes": [],
            "public": true,
            "ramdisk_id": "",
            "root_device_name": "/dev/xvda",
            "root_device_type": "ebs",
            "root_snapshot_id": "snap-0e01a605e283d7ffc",
            "sriov_net_support": "simple",
            "state": "available",
            "state_reason": {
              "code": "UNSET",
              "message": "UNSET"
            },
            "tags": {},
            "timeouts": null,
            "tpm_support": "",
            "usage_operation": "RunInstances",
            "virtualization_type": "hvm"
          },
          "sensitive_attributes": []
        }
      ]
    },
    {
      "module": "module.project_eks",
      "mode": "data",
      "type": "aws_caller_identity",
      "name": "current",
      "provider": "provider[\"registry.terraform.io/hashicorp/aws\"]",
      "instances": [
        {
          "schema_version": 0,
          "attributes": {
            "account_id": "823796879023",
            "arn": "arn:aws:iam::823796879023:user/admin",
            "id": "823796879023",
            "user_id": "AIDA37TQ6Z2X3C37SD2ZA"
          },
          "sensitive_attributes": []
        }
      ]
    },
    {
      "module": "module.project_eks",
      "mode": "data",
      "type": "aws_eks_addon_version",
      "name": "this",
      "provider": "provider[\"registry.terraform.io/hashicorp/aws\"]",
      "instances": [
        {
          "index_key": "coredns",
          "schema_version": 0,
          "attributes": {
            "addon_name": "coredns",
            "id": "coredns",
            "kubernetes_version": "1.28",
            "most_recent": true,
            "version": "v1.10.1-eksbuild.13"
          },
          "sensitive_attributes": []
        },
        {
          "index_key": "kube-proxy",
          "schema_version": 0,
          "attributes": {
            "addon_name": "kube-proxy",
            "id": "kube-proxy",
            "kubernetes_version": "1.28",
            "most_recent": true,
            "version": "v1.28.12-eksbuild.2"
          },
          "sensitive_attributes": []
        },
        {
          "index_key": "vpc-cni",
          "schema_version": 0,
          "attributes": {
            "addon_name": "vpc-cni",
            "id": "vpc-cni",
            "kubernetes_version": "1.28",
            "most_recent": true,
            "version": "v1.18.3-eksbuild.2"
          },
          "sensitive_attributes": []
        }
      ]
    },
    {
      "module": "module.project_eks",
      "mode": "data",
      "type": "aws_iam_policy_document",
      "name": "assume_role_policy",
      "provider": "provider[\"registry.terraform.io/hashicorp/aws\"]",
      "instances": [
        {
          "index_key": 0,
          "schema_version": 0,
          "attributes": {
            "id": "2764486067",
            "json": "{\n  \"Version\": \"2012-10-17\",\n  \"Statement\": [\n    {\n      \"Sid\": \"EKSClusterAssumeRole\",\n      \"Effect\": \"Allow\",\n      \"Action\": \"sts:AssumeRole\",\n      \"Principal\": {\n        \"Service\": \"eks.amazonaws.com\"\n      }\n    }\n  ]\n}",
            "minified_json": "{\"Version\":\"2012-10-17\",\"Statement\":[{\"Sid\":\"EKSClusterAssumeRole\",\"Effect\":\"Allow\",\"Action\":\"sts:AssumeRole\",\"Principal\":{\"Service\":\"eks.amazonaws.com\"}}]}",
            "override_json": null,
            "override_policy_documents": null,
            "policy_id": null,
            "source_json": null,
            "source_policy_documents": null,
            "statement": [
              {
                "actions": [
                  "sts:AssumeRole"
                ],
                "condition": [],
                "effect": "Allow",
                "not_actions": [],
                "not_principals": [],
                "not_resources": [],
                "principals": [
                  {
                    "identifiers": [
                      "eks.amazonaws.com"
                    ],
                    "type": "Service"
                  }
                ],
                "resources": [],
                "sid": "EKSClusterAssumeRole"
              }
            ],
            "version": "2012-10-17"
          },
          "sensitive_attributes": []
        }
      ]
    },
    {
      "module": "module.project_eks",
      "mode": "data",
      "type": "aws_iam_session_context",
      "name": "current",
      "provider": "provider[\"registry.terraform.io/hashicorp/aws\"]",
      "instances": [
        {
          "schema_version": 0,
          "attributes": {
            "arn": "arn:aws:iam::823796879023:user/admin",
            "id": "arn:aws:iam::823796879023:user/admin",
            "issuer_arn": "arn:aws:iam::823796879023:user/admin",
            "issuer_id": "",
            "issuer_name": "",
            "session_name": ""
          },
          "sensitive_attributes": []
        }
      ]
    },
    {
      "module": "module.project_eks",
      "mode": "data",
      "type": "aws_partition",
      "name": "current",
      "provider": "provider[\"registry.terraform.io/hashicorp/aws\"]",
      "instances": [
        {
          "schema_version": 0,
          "attributes": {
            "dns_suffix": "amazonaws.com",
            "id": "aws",
            "partition": "aws",
            "reverse_dns_prefix": "com.amazonaws"
          },
          "sensitive_attributes": []
        }
      ]
    },
    {
      "module": "module.project_eks",
      "mode": "data",
      "type": "tls_certificate",
      "name": "this",
      "provider": "provider[\"registry.terraform.io/hashicorp/tls\"]",
      "instances": [
        {
          "index_key": 0,
          "schema_version": 0,
          "attributes": {
            "certificates": [
              {
                "cert_pem": "-----BEGIN CERTIFICATE-----\nMIIEdTCCA12gAwIBAgIJAKcOSkw0grd/MA0GCSqGSIb3DQEBCwUAMGgxCzAJBgNV\nBAYTAlVTMSUwIwYDVQQKExxTdGFyZmllbGQgVGVjaG5vbG9naWVzLCBJbmMuMTIw\nMAYDVQQLEylTdGFyZmllbGQgQ2xhc3MgMiBDZXJ0aWZpY2F0aW9uIEF1dGhvcml0\neTAeFw0wOTA5MDIwMDAwMDBaFw0zNDA2MjgxNzM5MTZaMIGYMQswCQYDVQQGEwJV\nUzEQMA4GA1UECBMHQXJpem9uYTETMBEGA1UEBxMKU2NvdHRzZGFsZTElMCMGA1UE\nChMcU3RhcmZpZWxkIFRlY2hub2xvZ2llcywgSW5jLjE7MDkGA1UEAxMyU3RhcmZp\nZWxkIFNlcnZpY2VzIFJvb3QgQ2VydGlmaWNhdGUgQXV0aG9yaXR5IC0gRzIwggEi\nMA0GCSqGSIb3DQEBAQUAA4IBDwAwggEKAoIBAQDVDDrEKvlO4vW+GZdfjohTsR8/\ny8+fIBNtKTrID30892t2OGPZNmCom15cAICyL1l/9of5JUOG52kbUpqQ4XHj2C0N\nTm/2yEnZtvMaVq4rtnQU68/7JuMauh2WLmo7WJSJR1b/JaCTcFOD2oR0FMNnngRo\nOt+OQFodSk7PQ5E751bWAHDLUu57fa4657wx+UX2wmDPE1kCK4DMNEffud6QZW0C\nzyyRpqbn3oUYSXxmTqM6bam17jQuug0DuDPfR+uxa40l2ZvOgdFFRjKWcIfeAg5J\nQ4W2bHO7ZOphQazJ1FTfhy/HIrImzJ9ZVGif/L4qL8RVHHVAYBeFAlU5i38FAgMB\nAAGjgfAwge0wDwYDVR0TAQH/BAUwAwEB/zAOBgNVHQ8BAf8EBAMCAYYwHQYDVR0O\nBBYEFJxfAN+qAdcwKziIorhtSpzyEZGDMB8GA1UdIwQYMBaAFL9ft9HO3R+G9FtV\nrNzXEMIOqYjnME8GCCsGAQUFBwEBBEMwQTAcBggrBgEFBQcwAYYQaHR0cDovL28u\nc3MyLnVzLzAhBggrBgEFBQcwAoYVaHR0cDovL3guc3MyLnVzL3guY2VyMCYGA1Ud\nHwQfMB0wG6AZoBeGFWh0dHA6Ly9zLnNzMi51cy9yLmNybDARBgNVHSAECjAIMAYG\nBFUdIAAwDQYJKoZIhvcNAQELBQADggEBACMd44pXyn3pF3lM8R5V/cxTbj5HD9/G\nVfKyBDbtgB9TxF00KGu+x1X8Z+rLP3+QsjPNG1gQggL4+C/1E2DUBc7xgQjB3ad1\nl08YuW3e95ORCLp+QCztweq7dp4zBncdDQh/U90bZKuCJ/Fp1U1ervShw3WnWEQt\n8jxwmKy6abaVd38PMV4s/KCHOkdp8Hlf9BRUpJVeEXgSYCfOn8J3/yNTd126/+pZ\n59vPr5KW7ySaNRB6nJHGDn2Z9j8Z3/VyVOEVqQdZe4O/Ui5GjLIAZHYcSNPYeehu\nVsyuLAOQ1xk4meTKCRlb/weWsKh/NEnfVqn3sF/tM+2MR7cwA130A4w=\n-----END CERTIFICATE-----\n",
                "is_ca": true,
                "issuer": "OU=Starfield Class 2 Certification Authority,O=Starfield Technologies\\, Inc.,C=US",
                "not_after": "2034-06-28T17:39:16Z",
                "not_before": "2009-09-02T00:00:00Z",
                "public_key_algorithm": "RSA",
                "serial_number": "12037640545166866303",
                "sha1_fingerprint": "9e99a48a9960b14926bb7f3b02e22da2b0ab7280",
                "signature_algorithm": "SHA256-RSA",
                "subject": "CN=Starfield Services Root Certificate Authority - G2,O=Starfield Technologies\\, Inc.,L=Scottsdale,ST=Arizona,C=US",
                "version": 3
              },
              {
                "cert_pem": "-----BEGIN CERTIFICATE-----\nMIIEkjCCA3qgAwIBAgITBn+USionzfP6wq4rAfkI7rnExjANBgkqhkiG9w0BAQsF\nADCBmDELMAkGA1UEBhMCVVMxEDAOBgNVBAgTB0FyaXpvbmExEzARBgNVBAcTClNj\nb3R0c2RhbGUxJTAjBgNVBAoTHFN0YXJmaWVsZCBUZWNobm9sb2dpZXMsIEluYy4x\nOzA5BgNVBAMTMlN0YXJmaWVsZCBTZXJ2aWNlcyBSb290IENlcnRpZmljYXRlIEF1\ndGhvcml0eSAtIEcyMB4XDTE1MDUyNTEyMDAwMFoXDTM3MTIzMTAxMDAwMFowOTEL\nMAkGA1UEBhMCVVMxDzANBgNVBAoTBkFtYXpvbjEZMBcGA1UEAxMQQW1hem9uIFJv\nb3QgQ0EgMTCCASIwDQYJKoZIhvcNAQEBBQADggEPADCCAQoCggEBALJ4gHHKeNXj\nca9HgFB0fW7Y14h29Jlo91ghYPl0hAEvrAIthtOgQ3pOsqTQNroBvo3bSMgHFzZM\n9O6II8c+6zf1tRn4SWiw3te5djgdYZ6k/oI2peVKVuRF4fn9tBb6dNqcmzU5L/qw\nIFAGbHrQgLKm+a/sRxmPUDgH3KKHOVj4utWp+UhnMJbulHheb4mjUcAwhmahRWa6\nVOujw5H5SNz/0egwLX0tdHA114gk957EWW67c4cX8jJGKLhD+rcdqsq08p8kDi1L\n93FcXmn/6pUCyziKrlA4b9v7LWIbxcceVOF34GfID5yHI9Y/QCB/IIDEgEw+OyQm\njgSubJrIqg0CAwEAAaOCATEwggEtMA8GA1UdEwEB/wQFMAMBAf8wDgYDVR0PAQH/\nBAQDAgGGMB0GA1UdDgQWBBSEGMyFNOy8DJSULghZnMeyEE4KCDAfBgNVHSMEGDAW\ngBScXwDfqgHXMCs4iKK4bUqc8hGRgzB4BggrBgEFBQcBAQRsMGowLgYIKwYBBQUH\nMAGGImh0dHA6Ly9vY3NwLnJvb3RnMi5hbWF6b250cnVzdC5jb20wOAYIKwYBBQUH\nMAKGLGh0dHA6Ly9jcnQucm9vdGcyLmFtYXpvbnRydXN0LmNvbS9yb290ZzIuY2Vy\nMD0GA1UdHwQ2MDQwMqAwoC6GLGh0dHA6Ly9jcmwucm9vdGcyLmFtYXpvbnRydXN0\nLmNvbS9yb290ZzIuY3JsMBEGA1UdIAQKMAgwBgYEVR0gADANBgkqhkiG9w0BAQsF\nAAOCAQEAYjdCXLwQtT6LLOkMm2xF4gcAevnFWAu5CIw+7bMlPLVvUOTNNWqnkzSW\nMiGpSESrnO09tKpzbeR/FoCJbM8oAxiDR3mjEH4wW6w7sGDgd9QIpuEdfF7Au/ma\neyKdpwAJfqxGF4PcnCZXmTA5YpaP7dreqsXMGz7KQ2hsVxa81Q4gLv7/wmpdLqBK\nbRRYh5TmOTFffHPLkIhqhBGWJ6bt2YFGpn6jcgAKUj6DiAdjd4lpFw85hdKrCEVN\n0FE6/V1dN2RMfjCyVSRCnTawXZwXgWHxyvkQAiSr6w10kY17RSlQOYiypok1JR4U\nakcjMS9cmvqtmg5iUaQqqcT5NJ0hGA==\n-----END CERTIFICATE-----\n",
                "is_ca": true,
                "issuer": "CN=Starfield Services Root Certificate Authority - G2,O=Starfield Technologies\\, Inc.,L=Scottsdale,ST=Arizona,C=US",
                "not_after": "2037-12-31T01:00:00Z",
                "not_before": "2015-05-25T12:00:00Z",
                "public_key_algorithm": "RSA",
                "serial_number": "144918191876577076464031512351042010504348870",
                "sha1_fingerprint": "06b25927c42a721631c1efd9431e648fa62e1e39",
                "signature_algorithm": "SHA256-RSA",
                "subject": "CN=Amazon Root CA 1,O=Amazon,C=US",
                "version": 3
              },
              {
                "cert_pem": "-----BEGIN CERTIFICATE-----\nMIIEXjCCA0agAwIBAgITB3MSTNQG0mfAmRzdKZqfODF5hTANBgkqhkiG9w0BAQsF\nADA5MQswCQYDVQQGEwJVUzEPMA0GA1UEChMGQW1hem9uMRkwFwYDVQQDExBBbWF6\nb24gUm9vdCBDQSAxMB4XDTIyMDgyMzIyMjYwNFoXDTMwMDgyMzIyMjYwNFowPDEL\nMAkGA1UEBhMCVVMxDzANBgNVBAoTBkFtYXpvbjEcMBoGA1UEAxMTQW1hem9uIFJT\nQSAyMDQ4IE0wMzCCASIwDQYJKoZIhvcNAQEBBQADggEPADCCAQoCggEBALd/pVko\n8vuM475Tf45HV3BbCl/B9Jy89G1CRkFjcPY06WA9lS+7dWbUA7GtWUKoksr69hKM\nwcMsNpxlw7b3jeXFgxB09/nmalcAWtnLzF+LaDKEA5DQmvKzuh1nfIfqEiKCQSmX\nXh09Xs+dO7cm5qbaL2hhNJCSAejciwcvOFgFNgEMR42wm6KIFHsQW28jhA+1u/M0\np6fVwReuEgZfLfdx82Px0LJck3lST3EB/JfbdsdOzzzg5YkY1dfuqf8y5fUeZ7Cz\nWXbTjujwX/TovmeWKA36VLCz75azW6tDNuDn66FOpADZZ9omVaF6BqNJiLMVl6P3\n/c0OiUMC6Z5OfKcCAwEAAaOCAVowggFWMBIGA1UdEwEB/wQIMAYBAf8CAQAwDgYD\nVR0PAQH/BAQDAgGGMB0GA1UdJQQWMBQGCCsGAQUFBwMBBggrBgEFBQcDAjAdBgNV\nHQ4EFgQUVdkYX9IczAHhWLS+q9lVQgHXLgIwHwYDVR0jBBgwFoAUhBjMhTTsvAyU\nlC4IWZzHshBOCggwewYIKwYBBQUHAQEEbzBtMC8GCCsGAQUFBzABhiNodHRwOi8v\nb2NzcC5yb290Y2ExLmFtYXpvbnRydXN0LmNvbTA6BggrBgEFBQcwAoYuaHR0cDov\nL2NydC5yb290Y2ExLmFtYXpvbnRydXN0LmNvbS9yb290Y2ExLmNlcjA/BgNVHR8E\nODA2MDSgMqAwhi5odHRwOi8vY3JsLnJvb3RjYTEuYW1hem9udHJ1c3QuY29tL3Jv\nb3RjYTEuY3JsMBMGA1UdIAQMMAowCAYGZ4EMAQIBMA0GCSqGSIb3DQEBCwUAA4IB\nAQAGjeWm2cC+3z2MzSCnte46/7JZvj3iQZDY7EvODNdZF41n71Lrk9kbfNwerK0d\nVNzW36Wefr7j7ZSwBVg50W5ay65jNSN74TTQV1yt4WnSbVvN6KlMs1hiyOZdoHKs\nKDV2UGNxbdoBYCQNa2GYF8FQIWLugNp35aSOpMy6cFlymFQomIrnOQHwK1nvVY4q\nxDSJMU/gNJz17D8ArPN3ngnyZ2TwepJ0uBINz3G5te2rdFUF4i4Y3Bb7FUlHDYm4\nu8aIRGpk2ZpfXmxaoxnbIBZRvGLPSUuPwnwoUOMsJ8jirI5vs2dvchPb7MtI1rle\ni02f2ivH2vxkjDLltSpe2fiC\n-----END CERTIFICATE-----\n",
                "is_ca": true,
                "issuer": "CN=Amazon Root CA 1,O=Amazon,C=US",
                "not_after": "2030-08-23T22:26:04Z",
                "not_before": "2022-08-23T22:26:04Z",
                "public_key_algorithm": "RSA",
                "serial_number": "166129356476704345391986644047206454194698629",
                "sha1_fingerprint": "d9fe0a65fa00cabf61f5120d373a8135e1461f15",
                "signature_algorithm": "SHA256-RSA",
                "subject": "CN=Amazon RSA 2048 M03,O=Amazon,C=US",
                "version": 3
              },
              {
                "cert_pem": "-----BEGIN CERTIFICATE-----\nMIIF8DCCBNigAwIBAgIQBmdFro+hCdmSpveTDMijMDANBgkqhkiG9w0BAQsFADA8\nMQswCQYDVQQGEwJVUzEPMA0GA1UEChMGQW1hem9uMRwwGgYDVQQDExNBbWF6b24g\nUlNBIDIwNDggTTAzMB4XDTI0MDMyNjAwMDAwMFoXDTI1MDQyNDIzNTk1OVowLTEr\nMCkGA1UEAwwiKi5la3MuYXAtbm9ydGhlYXN0LTIuYW1hem9uYXdzLmNvbTCCASIw\nDQYJKoZIhvcNAQEBBQADggEPADCCAQoCggEBAJyzxsYL4t9p/wzNxnb4uwSBFFZO\nVzHx7Vw++iC81ZJQt0M6+Lk+oorI9wqPU0Y6uaqS8PI9gyZESAxx2StO1yEd1uhH\niKw5EkE8Y82D6C04ETduMs4WDK39J4asj6p7bl7cOQN7Pnk61+COf8Bn+uUWXbC+\nex/MCySwanYUwoZB7AUHeJ6DoXWIFST6Vx6blfHHrCoIs/+2Ok7KO3KqutlA/Y03\nDeavkpV/U+mteFZ79FjvYldrWpaMRboDz/mmAQTtKOwSozaKHcj+/WLUArL/K21u\nBUO6B2ElrxTMYkesC4d/Htnt5BwUZ2mR86P1M1xrfs1Z//y0Rl3SQuCjfmECAwEA\nAaOCAvswggL3MB8GA1UdIwQYMBaAFFXZGF/SHMwB4Vi0vqvZVUIB1y4CMB0GA1Ud\nDgQWBBRehZALtjVcS4VY+VoAXG8kA2RaNjAtBgNVHREEJjAkgiIqLmVrcy5hcC1u\nb3J0aGVhc3QtMi5hbWF6b25hd3MuY29tMBMGA1UdIAQMMAowCAYGZ4EMAQIBMA4G\nA1UdDwEB/wQEAwIFoDAdBgNVHSUEFjAUBggrBgEFBQcDAQYIKwYBBQUHAwIwOwYD\nVR0fBDQwMjAwoC6gLIYqaHR0cDovL2NybC5yMm0wMy5hbWF6b250cnVzdC5jb20v\ncjJtMDMuY3JsMHUGCCsGAQUFBwEBBGkwZzAtBggrBgEFBQcwAYYhaHR0cDovL29j\nc3AucjJtMDMuYW1hem9udHJ1c3QuY29tMDYGCCsGAQUFBzAChipodHRwOi8vY3J0\nLnIybTAzLmFtYXpvbnRydXN0LmNvbS9yMm0wMy5jZXIwDAYDVR0TAQH/BAIwADCC\nAX4GCisGAQQB1nkCBAIEggFuBIIBagFoAHcAzxFW7tUufK/zh1vZaS6b6RpxZ0qw\nF+ysAdJbd87MOwgAAAGOfGIO6wAABAMASDBGAiEA7Z5iMbK2kkw3FmqzxYc0tGMW\nIkWwevHI7Yq6XmRDuBQCIQCi7RcP7jFVsMRLL+IyIs8ijwQuasI3ho+aj92lYT+Z\nEwB2AH1ZHhLheCp7HGFnfF79+NCHXBSgTpWeuQMv2Q6MLnm4AAABjnxiDqsAAAQD\nAEcwRQIgGGgp1mXPRlr9bbOuEo/sVOrzR97b/+CZ+Aqt2yWI5egCIQDsIavA6HIu\nVdxWQa8C2RSCJN7CCyyJvCTllF/UI4CRfQB1AObSMWNAd4zBEEEG13G5zsHSQPaW\nhIb7uocyHf0eN45QAAABjnxiDrwAAAQDAEYwRAIgWxgtd741Pz3Bp9/oYB60RjwL\npTfkWDLNKPnX8T9rLqICIBOIE+V2M1mL/QO2gkUn7H2q2MWK1zT09sJb7/gNXEpf\nMA0GCSqGSIb3DQEBCwUAA4IBAQBLql8LXsIlZZWTwwaEZdny5tcJLDJYe7opk+ci\nUWFVa6+23XHy7C+kAWGEVGEsH2QabT1y00xmylXfVjf3DNXneE2T7/0HfokqidI+\nQBDE4djVrjat1Ga7rRo4Z8L6xrVj/S2M3ChQsmgTY7XwfQuB77+kUYni16wtqzeu\nm5EFpDSfF4UTU8Ts+JBgWlMSpRCL0WWu2/Bm1lX3ED+mMzxUjEFSwK8srJ9otuHj\n0cOOG0RShlLuX6QfMobw10wCErpsnIzNzRNzhBvYVAOKxNCqTePdbJVykT9GC4Zv\n6EE+eHli/Rwtkxg4NUHF9VM+xafyoL1Nyi8OfPm33gX+AG7U\n-----END CERTIFICATE-----\n",
                "is_ca": false,
                "issuer": "CN=Amazon RSA 2048 M03,O=Amazon,C=US",
                "not_after": "2025-04-24T23:59:59Z",
                "not_before": "2024-03-26T00:00:00Z",
                "public_key_algorithm": "RSA",
                "serial_number": "8511587867552551906634992853747016496",
                "sha1_fingerprint": "55635cfea6a15f4770cc5ec0977492b318f9b0cc",
                "signature_algorithm": "SHA256-RSA",
                "subject": "CN=*.eks.ap-northeast-2.amazonaws.com",
                "version": 3
              }
            ],
            "content": null,
            "id": "edf63ed368dbccffd595f895026cdd06194eaa5a",
            "url": "https://oidc.eks.ap-northeast-2.amazonaws.com/id/97C6FE53CF1D4D5CF1E9908E3DE9B703",
            "verify_chain": true
          },
          "sensitive_attributes": []
        }
      ]
    },
    {
      "module": "module.project_eks",
      "mode": "managed",
      "type": "aws_cloudwatch_log_group",
      "name": "this",
      "provider": "provider[\"registry.terraform.io/hashicorp/aws\"]",
      "instances": [
        {
          "index_key": 0,
          "schema_version": 0,
          "attributes": {
            "arn": "arn:aws:logs:ap-northeast-2:823796879023:log-group:/aws/eks/project-cluster/cluster",
            "id": "/aws/eks/project-cluster/cluster",
            "kms_key_id": "",
            "log_group_class": "STANDARD",
            "name": "/aws/eks/project-cluster/cluster",
            "name_prefix": "",
            "retention_in_days": 90,
            "skip_destroy": false,
            "tags": {
              "Name": "/aws/eks/project-cluster/cluster"
            },
            "tags_all": {
              "Name": "/aws/eks/project-cluster/cluster"
            }
          },
          "sensitive_attributes": [],
          "private": "bnVsbA==",
          "create_before_destroy": true
        }
      ]
    },
    {
      "module": "module.project_eks",
      "mode": "managed",
      "type": "aws_eks_addon",
      "name": "this",
      "provider": "provider[\"registry.terraform.io/hashicorp/aws\"]",
      "instances": [
        {
          "index_key": "coredns",
          "schema_version": 0,
          "attributes": {
            "addon_name": "coredns",
            "addon_version": "v1.10.1-eksbuild.13",
            "arn": "arn:aws:eks:ap-northeast-2:823796879023:addon/project-cluster/coredns/bac8c3f8-f46a-1238-7914-3f91bab59753",
            "cluster_name": "project-cluster",
            "configuration_values": "",
            "created_at": "2024-08-25T05:11:03Z",
            "id": "project-cluster:coredns",
            "modified_at": "2024-08-25T05:11:46Z",
            "preserve": null,
            "resolve_conflicts": "OVERWRITE",
            "resolve_conflicts_on_create": null,
            "resolve_conflicts_on_update": null,
            "service_account_role_arn": "",
            "tags": null,
            "tags_all": {},
            "timeouts": {
              "create": null,
              "delete": null,
              "update": null
            }
          },
          "sensitive_attributes": [],
          "private": "eyJlMmJmYjczMC1lY2FhLTExZTYtOGY4OC0zNDM2M2JjN2M0YzAiOnsiY3JlYXRlIjoxMjAwMDAwMDAwMDAwLCJkZWxldGUiOjI0MDAwMDAwMDAwMDAsInVwZGF0ZSI6MTIwMDAwMDAwMDAwMH19",
          "dependencies": [
            "data.aws_ami.project_eks_ami",
            "module.project_eks.aws_cloudwatch_log_group.this",
            "module.project_eks.aws_eks_cluster.this",
            "module.project_eks.aws_iam_policy.cni_ipv6_policy",
            "module.project_eks.aws_iam_role.this",
            "module.project_eks.aws_iam_role_policy_attachment.this",
            "module.project_eks.aws_security_group.cluster",
            "module.project_eks.aws_security_group.node",
            "module.project_eks.aws_security_group_rule.cluster",
            "module.project_eks.aws_security_group_rule.node",
            "module.project_eks.data.aws_caller_identity.current",
            "module.project_eks.data.aws_eks_addon_version.this",
            "module.project_eks.data.aws_iam_policy_document.assume_role_policy",
            "module.project_eks.data.aws_iam_policy_document.cni_ipv6_policy",
            "module.project_eks.data.aws_iam_session_context.current",
            "module.project_eks.data.aws_partition.current",
            "module.project_eks.module.eks_managed_node_group.aws_autoscaling_schedule.this",
            "module.project_eks.module.eks_managed_node_group.aws_eks_node_group.this",
            "module.project_eks.module.eks_managed_node_group.aws_iam_role.this",
            "module.project_eks.module.eks_managed_node_group.aws_iam_role_policy_attachment.additional",
            "module.project_eks.module.eks_managed_node_group.aws_iam_role_policy_attachment.this",
            "module.project_eks.module.eks_managed_node_group.aws_launch_template.this",
            "module.project_eks.module.eks_managed_node_group.data.aws_caller_identity.current",
            "module.project_eks.module.eks_managed_node_group.data.aws_iam_policy_document.assume_role_policy",
            "module.project_eks.module.eks_managed_node_group.data.aws_partition.current",
            "module.project_eks.module.eks_managed_node_group.module.user_data.data.cloudinit_config.linux_eks_managed_node_group",
            "module.project_eks.module.fargate_profile.aws_eks_fargate_profile.this",
            "module.project_eks.module.fargate_profile.aws_iam_role.this",
            "module.project_eks.module.fargate_profile.aws_iam_role_policy_attachment.additional",
            "module.project_eks.module.fargate_profile.aws_iam_role_policy_attachment.this",
            "module.project_eks.module.fargate_profile.data.aws_caller_identity.current",
            "module.project_eks.module.fargate_profile.data.aws_iam_policy_document.assume_role_policy",
            "module.project_eks.module.fargate_profile.data.aws_partition.current",
            "module.project_eks.module.kms.aws_kms_external_key.this",
            "module.project_eks.module.kms.aws_kms_key.this",
            "module.project_eks.module.kms.aws_kms_replica_external_key.this",
            "module.project_eks.module.kms.aws_kms_replica_key.this",
            "module.project_eks.module.kms.data.aws_caller_identity.current",
            "module.project_eks.module.kms.data.aws_iam_policy_document.this",
            "module.project_eks.module.kms.data.aws_partition.current",
            "module.project_eks.module.self_managed_node_group.aws_autoscaling_group.this",
            "module.project_eks.module.self_managed_node_group.aws_autoscaling_schedule.this",
            "module.project_eks.module.self_managed_node_group.aws_iam_instance_profile.this",
            "module.project_eks.module.self_managed_node_group.aws_iam_role.this",
            "module.project_eks.module.self_managed_node_group.aws_iam_role_policy_attachment.additional",
            "module.project_eks.module.self_managed_node_group.aws_iam_role_policy_attachment.this",
            "module.project_eks.module.self_managed_node_group.aws_launch_template.this",
            "module.project_eks.module.self_managed_node_group.data.aws_ami.eks_default",
            "module.project_eks.module.self_managed_node_group.data.aws_caller_identity.current",
            "module.project_eks.module.self_managed_node_group.data.aws_iam_policy_document.assume_role_policy",
            "module.project_eks.module.self_managed_node_group.data.aws_partition.current",
            "module.project_eks.module.self_managed_node_group.module.user_data.data.cloudinit_config.linux_eks_managed_node_group",
            "module.project_eks.time_sleep.this",
            "module.project_vpc.aws_subnet.private",
            "module.project_vpc.aws_vpc.this",
            "module.project_vpc.aws_vpc_ipv4_cidr_block_association.this"
          ]
        },
        {
          "index_key": "kube-proxy",
          "schema_version": 0,
          "attributes": {
            "addon_name": "kube-proxy",
            "addon_version": "v1.28.12-eksbuild.2",
            "arn": "arn:aws:eks:ap-northeast-2:823796879023:addon/project-cluster/kube-proxy/76c8c3f8-f477-75bb-bc56-126f8e299aba",
            "cluster_name": "project-cluster",
            "configuration_values": "",
            "created_at": "2024-08-25T05:11:03Z",
            "id": "project-cluster:kube-proxy",
            "modified_at": "2024-08-25T05:11:40Z",
            "preserve": null,
            "resolve_conflicts": "OVERWRITE",
            "resolve_conflicts_on_create": null,
            "resolve_conflicts_on_update": null,
            "service_account_role_arn": "",
            "tags": null,
            "tags_all": {},
            "timeouts": {
              "create": null,
              "delete": null,
              "update": null
            }
          },
          "sensitive_attributes": [],
          "private": "eyJlMmJmYjczMC1lY2FhLTExZTYtOGY4OC0zNDM2M2JjN2M0YzAiOnsiY3JlYXRlIjoxMjAwMDAwMDAwMDAwLCJkZWxldGUiOjI0MDAwMDAwMDAwMDAsInVwZGF0ZSI6MTIwMDAwMDAwMDAwMH19",
          "dependencies": [
            "data.aws_ami.project_eks_ami",
            "module.project_eks.aws_cloudwatch_log_group.this",
            "module.project_eks.aws_eks_cluster.this",
            "module.project_eks.aws_iam_policy.cni_ipv6_policy",
            "module.project_eks.aws_iam_role.this",
            "module.project_eks.aws_iam_role_policy_attachment.this",
            "module.project_eks.aws_security_group.cluster",
            "module.project_eks.aws_security_group.node",
            "module.project_eks.aws_security_group_rule.cluster",
            "module.project_eks.aws_security_group_rule.node",
            "module.project_eks.data.aws_caller_identity.current",
            "module.project_eks.data.aws_eks_addon_version.this",
            "module.project_eks.data.aws_iam_policy_document.assume_role_policy",
            "module.project_eks.data.aws_iam_policy_document.cni_ipv6_policy",
            "module.project_eks.data.aws_iam_session_context.current",
            "module.project_eks.data.aws_partition.current",
            "module.project_eks.module.eks_managed_node_group.aws_autoscaling_schedule.this",
            "module.project_eks.module.eks_managed_node_group.aws_eks_node_group.this",
            "module.project_eks.module.eks_managed_node_group.aws_iam_role.this",
            "module.project_eks.module.eks_managed_node_group.aws_iam_role_policy_attachment.additional",
            "module.project_eks.module.eks_managed_node_group.aws_iam_role_policy_attachment.this",
            "module.project_eks.module.eks_managed_node_group.aws_launch_template.this",
            "module.project_eks.module.eks_managed_node_group.data.aws_caller_identity.current",
            "module.project_eks.module.eks_managed_node_group.data.aws_iam_policy_document.assume_role_policy",
            "module.project_eks.module.eks_managed_node_group.data.aws_partition.current",
            "module.project_eks.module.eks_managed_node_group.module.user_data.data.cloudinit_config.linux_eks_managed_node_group",
            "module.project_eks.module.fargate_profile.aws_eks_fargate_profile.this",
            "module.project_eks.module.fargate_profile.aws_iam_role.this",
            "module.project_eks.module.fargate_profile.aws_iam_role_policy_attachment.additional",
            "module.project_eks.module.fargate_profile.aws_iam_role_policy_attachment.this",
            "module.project_eks.module.fargate_profile.data.aws_caller_identity.current",
            "module.project_eks.module.fargate_profile.data.aws_iam_policy_document.assume_role_policy",
            "module.project_eks.module.fargate_profile.data.aws_partition.current",
            "module.project_eks.module.kms.aws_kms_external_key.this",
            "module.project_eks.module.kms.aws_kms_key.this",
            "module.project_eks.module.kms.aws_kms_replica_external_key.this",
            "module.project_eks.module.kms.aws_kms_replica_key.this",
            "module.project_eks.module.kms.data.aws_caller_identity.current",
            "module.project_eks.module.kms.data.aws_iam_policy_document.this",
            "module.project_eks.module.kms.data.aws_partition.current",
            "module.project_eks.module.self_managed_node_group.aws_autoscaling_group.this",
            "module.project_eks.module.self_managed_node_group.aws_autoscaling_schedule.this",
            "module.project_eks.module.self_managed_node_group.aws_iam_instance_profile.this",
            "module.project_eks.module.self_managed_node_group.aws_iam_role.this",
            "module.project_eks.module.self_managed_node_group.aws_iam_role_policy_attachment.additional",
            "module.project_eks.module.self_managed_node_group.aws_iam_role_policy_attachment.this",
            "module.project_eks.module.self_managed_node_group.aws_launch_template.this",
            "module.project_eks.module.self_managed_node_group.data.aws_ami.eks_default",
            "module.project_eks.module.self_managed_node_group.data.aws_caller_identity.current",
            "module.project_eks.module.self_managed_node_group.data.aws_iam_policy_document.assume_role_policy",
            "module.project_eks.module.self_managed_node_group.data.aws_partition.current",
            "module.project_eks.module.self_managed_node_group.module.user_data.data.cloudinit_config.linux_eks_managed_node_group",
            "module.project_eks.time_sleep.this",
            "module.project_vpc.aws_subnet.private",
            "module.project_vpc.aws_vpc.this",
            "module.project_vpc.aws_vpc_ipv4_cidr_block_association.this"
          ]
        },
        {
          "index_key": "vpc-cni",
          "schema_version": 0,
          "attributes": {
            "addon_name": "vpc-cni",
            "addon_version": "v1.18.3-eksbuild.2",
            "arn": "arn:aws:eks:ap-northeast-2:823796879023:addon/project-cluster/vpc-cni/c4c8c3f8-f470-07b5-d297-e2917b7a0723",
            "cluster_name": "project-cluster",
            "configuration_values": "",
            "created_at": "2024-08-25T05:11:03Z",
            "id": "project-cluster:vpc-cni",
            "modified_at": "2024-08-25T05:11:41Z",
            "preserve": null,
            "resolve_conflicts": "OVERWRITE",
            "resolve_conflicts_on_create": null,
            "resolve_conflicts_on_update": null,
            "service_account_role_arn": "",
            "tags": null,
            "tags_all": {},
            "timeouts": {
              "create": null,
              "delete": null,
              "update": null
            }
          },
          "sensitive_attributes": [],
          "private": "eyJlMmJmYjczMC1lY2FhLTExZTYtOGY4OC0zNDM2M2JjN2M0YzAiOnsiY3JlYXRlIjoxMjAwMDAwMDAwMDAwLCJkZWxldGUiOjI0MDAwMDAwMDAwMDAsInVwZGF0ZSI6MTIwMDAwMDAwMDAwMH19",
          "dependencies": [
            "data.aws_ami.project_eks_ami",
            "module.project_eks.aws_cloudwatch_log_group.this",
            "module.project_eks.aws_eks_cluster.this",
            "module.project_eks.aws_iam_policy.cni_ipv6_policy",
            "module.project_eks.aws_iam_role.this",
            "module.project_eks.aws_iam_role_policy_attachment.this",
            "module.project_eks.aws_security_group.cluster",
            "module.project_eks.aws_security_group.node",
            "module.project_eks.aws_security_group_rule.cluster",
            "module.project_eks.aws_security_group_rule.node",
            "module.project_eks.data.aws_caller_identity.current",
            "module.project_eks.data.aws_eks_addon_version.this",
            "module.project_eks.data.aws_iam_policy_document.assume_role_policy",
            "module.project_eks.data.aws_iam_policy_document.cni_ipv6_policy",
            "module.project_eks.data.aws_iam_session_context.current",
            "module.project_eks.data.aws_partition.current",
            "module.project_eks.module.eks_managed_node_group.aws_autoscaling_schedule.this",
            "module.project_eks.module.eks_managed_node_group.aws_eks_node_group.this",
            "module.project_eks.module.eks_managed_node_group.aws_iam_role.this",
            "module.project_eks.module.eks_managed_node_group.aws_iam_role_policy_attachment.additional",
            "module.project_eks.module.eks_managed_node_group.aws_iam_role_policy_attachment.this",
            "module.project_eks.module.eks_managed_node_group.aws_launch_template.this",
            "module.project_eks.module.eks_managed_node_group.data.aws_caller_identity.current",
            "module.project_eks.module.eks_managed_node_group.data.aws_iam_policy_document.assume_role_policy",
            "module.project_eks.module.eks_managed_node_group.data.aws_partition.current",
            "module.project_eks.module.eks_managed_node_group.module.user_data.data.cloudinit_config.linux_eks_managed_node_group",
            "module.project_eks.module.fargate_profile.aws_eks_fargate_profile.this",
            "module.project_eks.module.fargate_profile.aws_iam_role.this",
            "module.project_eks.module.fargate_profile.aws_iam_role_policy_attachment.additional",
            "module.project_eks.module.fargate_profile.aws_iam_role_policy_attachment.this",
            "module.project_eks.module.fargate_profile.data.aws_caller_identity.current",
            "module.project_eks.module.fargate_profile.data.aws_iam_policy_document.assume_role_policy",
            "module.project_eks.module.fargate_profile.data.aws_partition.current",
            "module.project_eks.module.kms.aws_kms_external_key.this",
            "module.project_eks.module.kms.aws_kms_key.this",
            "module.project_eks.module.kms.aws_kms_replica_external_key.this",
            "module.project_eks.module.kms.aws_kms_replica_key.this",
            "module.project_eks.module.kms.data.aws_caller_identity.current",
            "module.project_eks.module.kms.data.aws_iam_policy_document.this",
            "module.project_eks.module.kms.data.aws_partition.current",
            "module.project_eks.module.self_managed_node_group.aws_autoscaling_group.this",
            "module.project_eks.module.self_managed_node_group.aws_autoscaling_schedule.this",
            "module.project_eks.module.self_managed_node_group.aws_iam_instance_profile.this",
            "module.project_eks.module.self_managed_node_group.aws_iam_role.this",
            "module.project_eks.module.self_managed_node_group.aws_iam_role_policy_attachment.additional",
            "module.project_eks.module.self_managed_node_group.aws_iam_role_policy_attachment.this",
            "module.project_eks.module.self_managed_node_group.aws_launch_template.this",
            "module.project_eks.module.self_managed_node_group.data.aws_ami.eks_default",
            "module.project_eks.module.self_managed_node_group.data.aws_caller_identity.current",
            "module.project_eks.module.self_managed_node_group.data.aws_iam_policy_document.assume_role_policy",
            "module.project_eks.module.self_managed_node_group.data.aws_partition.current",
            "module.project_eks.module.self_managed_node_group.module.user_data.data.cloudinit_config.linux_eks_managed_node_group",
            "module.project_eks.time_sleep.this",
            "module.project_vpc.aws_subnet.private",
            "module.project_vpc.aws_vpc.this",
            "module.project_vpc.aws_vpc_ipv4_cidr_block_association.this"
          ]
        }
      ]
    },
    {
      "module": "module.project_eks",
      "mode": "managed",
      "type": "aws_eks_cluster",
      "name": "this",
      "provider": "provider[\"registry.terraform.io/hashicorp/aws\"]",
      "instances": [
        {
          "index_key": 0,
          "schema_version": 1,
          "attributes": {
            "access_config": [
              {
                "authentication_mode": "CONFIG_MAP",
                "bootstrap_cluster_creator_admin_permissions": true
              }
            ],
            "arn": "arn:aws:eks:ap-northeast-2:823796879023:cluster/project-cluster",
            "bootstrap_self_managed_addons": true,
            "certificate_authority": [
              {
                "data": "LS0tLS1CRUdJTiBDRVJUSUZJQ0FURS0tLS0tCk1JSURCVENDQWUyZ0F3SUJBZ0lJQ0NOTXZoMW54YjB3RFFZSktvWklodmNOQVFFTEJRQXdGVEVUTUJFR0ExVUUKQXhNS2EzVmlaWEp1WlhSbGN6QWVGdzB5TkRBNE1qVXdORFU1TWpGYUZ3MHpOREE0TWpNd05UQTBNakZhTUJVeApFekFSQmdOVkJBTVRDbXQxWW1WeWJtVjBaWE13Z2dFaU1BMEdDU3FHU0liM0RRRUJBUVVBQTRJQkR3QXdnZ0VLCkFvSUJBUURXUUV6SFpsZ1RjeThUVFdOUWY2MlRrTjcvUDVmcWRTbXJObjFBVEtSUkU2OGFibmdLTEwxS25HSDQKcGYyTEZ2M28xMDBjbWpwMWl1R1BBNlFzQmhmM3d4VE5Jek9xTlhheWhmRXFEbldtVU9ubWhvbjkrekxmS29Lbgo2NHUxTHY1b3hBQWVQbmxEbWlWNHY3c0E1Yk5hYkJObkFDNjN5d292NEV3Qm4yR1FEb25xQVVWUm8vVVBhdlpQClVpVjlhdmpJckU4WjVSOTQyTlc3UHRsbHRRcHM1WWk5eWdKK25PaWZmM2FPNG43NXhQTFZtMUxLUFBTTHVHQkQKY0J4SXZtemRNWUFaYS84bWg2S3lhMXZ4SHFQYXRHUWhDNFdTZTFDTzZRZFR2YnVEY3phZU1ucHRPNkdHNzV1RQpMTkdQNER3OFQ0OHVuSFFwZ3VkY3hjZnh1SGVCQWdNQkFBR2pXVEJYTUE0R0ExVWREd0VCL3dRRUF3SUNwREFQCkJnTlZIUk1CQWY4RUJUQURBUUgvTUIwR0ExVWREZ1FXQkJRczJQNHR0SHJZUUFCNVI0MG9UQ3l4ajNtNnhqQVYKQmdOVkhSRUVEakFNZ2dwcmRXSmxjbTVsZEdWek1BMEdDU3FHU0liM0RRRUJDd1VBQTRJQkFRQ05TTlhsaGZpQwp3b0d5MW8rZy9rWjhpMFpidytJbFlVQXZlYjMvMTRmMTNXanpJdEU5Q2xHRVc5Z2NVbEozaVlxRE13dnVYZWsyCm9iNld2eXFDSVI4ZmQwVnlydzEydnhSYTBEY0tZZ09STThzMmtTMWFXMC9EL09keW1mTklZSzFrcFk4S3BUaGYKaG0zc1lwSUhEOFI3bzBNSVJ1TnN0ZDBvUit2aHoyK1RnZE1RNU9GUlM5VFM5Qm9EM2pWVGY1RXppZkJBZGs4QQpZeWVOUnp6SVVPR1FMNUIyNDBJaXB0ZjMxMko5UlUzdDVpbEYwMjRyQkljRWU0YzI5M1k1anhERmVTSXRseloxCko3K0J5cStsZmxxc0dFL3M2Zy92U2sxaC8vUFNDb3Y1czhPV0VwYmZHUnlUWFFJOFJiREtJbHI4emc3b3dsU3oKdGIxcUxmSjE1YzZvCi0tLS0tRU5EIENFUlRJRklDQVRFLS0tLS0K"
              }
            ],
            "cluster_id": null,
            "created_at": "2024-08-25 05:00:33.15 +0000 UTC",
            "enabled_cluster_log_types": [
              "api",
              "audit",
              "authenticator"
            ],
            "encryption_config": [],
            "endpoint": "https://97C6FE53CF1D4D5CF1E9908E3DE9B703.gr7.ap-northeast-2.eks.amazonaws.com",
            "id": "project-cluster",
            "identity": [
              {
                "oidc": [
                  {
                    "issuer": "https://oidc.eks.ap-northeast-2.amazonaws.com/id/97C6FE53CF1D4D5CF1E9908E3DE9B703"
                  }
                ]
              }
            ],
            "kubernetes_network_config": [
              {
                "ip_family": "ipv4",
                "service_ipv4_cidr": "172.20.0.0/16",
                "service_ipv6_cidr": ""
              }
            ],
            "name": "project-cluster",
            "outpost_config": [],
            "platform_version": "eks.17",
            "role_arn": "arn:aws:iam::823796879023:role/project-cluster-cluster-20240825050015553500000001",
            "status": "ACTIVE",
            "tags": null,
            "tags_all": {},
            "timeouts": {
              "create": null,
              "delete": null,
              "update": null
            },
            "upgrade_policy": [
              {
                "support_type": "EXTENDED"
              }
            ],
            "version": "1.28",
            "vpc_config": [
              {
                "cluster_security_group_id": "sg-0777ea7e37f839f6a",
                "endpoint_private_access": true,
                "endpoint_public_access": true,
                "public_access_cidrs": [
                  "0.0.0.0/0"
                ],
                "security_group_ids": [
                  "sg-05e81944aefe64b87"
                ],
                "subnet_ids": [
                  "subnet-05cf9d7348b0f5226",
                  "subnet-06f2778a9803bbf54"
                ],
                "vpc_id": "vpc-0517acc9ffa2425a7"
              }
            ]
          },
          "sensitive_attributes": [],
          "private": "eyJlMmJmYjczMC1lY2FhLTExZTYtOGY4OC0zNDM2M2JjN2M0YzAiOnsiY3JlYXRlIjoxODAwMDAwMDAwMDAwLCJkZWxldGUiOjkwMDAwMDAwMDAwMCwidXBkYXRlIjozNjAwMDAwMDAwMDAwfSwic2NoZW1hX3ZlcnNpb24iOiIxIn0=",
          "dependencies": [
            "module.project_eks.aws_cloudwatch_log_group.this",
            "module.project_eks.aws_iam_policy.cni_ipv6_policy",
            "module.project_eks.aws_iam_role.this",
            "module.project_eks.aws_iam_role_policy_attachment.this",
            "module.project_eks.aws_security_group.cluster",
            "module.project_eks.aws_security_group.node",
            "module.project_eks.aws_security_group_rule.cluster",
            "module.project_eks.aws_security_group_rule.node",
            "module.project_eks.data.aws_caller_identity.current",
            "module.project_eks.data.aws_iam_policy_document.assume_role_policy",
            "module.project_eks.data.aws_iam_policy_document.cni_ipv6_policy",
            "module.project_eks.data.aws_iam_session_context.current",
            "module.project_eks.data.aws_partition.current",
            "module.project_eks.module.kms.aws_kms_external_key.this",
            "module.project_eks.module.kms.aws_kms_key.this",
            "module.project_eks.module.kms.aws_kms_replica_external_key.this",
            "module.project_eks.module.kms.aws_kms_replica_key.this",
            "module.project_eks.module.kms.data.aws_caller_identity.current",
            "module.project_eks.module.kms.data.aws_iam_policy_document.this",
            "module.project_eks.module.kms.data.aws_partition.current",
            "module.project_vpc.aws_subnet.private",
            "module.project_vpc.aws_vpc.this",
            "module.project_vpc.aws_vpc_ipv4_cidr_block_association.this"
          ],
          "create_before_destroy": true
        }
      ]
    },
    {
      "module": "module.project_eks",
      "mode": "managed",
      "type": "aws_iam_openid_connect_provider",
      "name": "oidc_provider",
      "provider": "provider[\"registry.terraform.io/hashicorp/aws\"]",
      "instances": [
        {
          "index_key": 0,
          "schema_version": 0,
          "attributes": {
            "arn": "arn:aws:iam::823796879023:oidc-provider/oidc.eks.ap-northeast-2.amazonaws.com/id/97C6FE53CF1D4D5CF1E9908E3DE9B703",
            "client_id_list": [
              "sts.amazonaws.com"
            ],
            "id": "arn:aws:iam::823796879023:oidc-provider/oidc.eks.ap-northeast-2.amazonaws.com/id/97C6FE53CF1D4D5CF1E9908E3DE9B703",
            "tags": {
              "Name": "project-cluster-eks-irsa"
            },
            "tags_all": {
              "Name": "project-cluster-eks-irsa"
            },
            "thumbprint_list": [
              "9e99a48a9960b14926bb7f3b02e22da2b0ab7280"
            ],
            "url": "oidc.eks.ap-northeast-2.amazonaws.com/id/97C6FE53CF1D4D5CF1E9908E3DE9B703"
          },
          "sensitive_attributes": [],
          "private": "bnVsbA==",
          "dependencies": [
            "module.project_eks.aws_cloudwatch_log_group.this",
            "module.project_eks.aws_eks_cluster.this",
            "module.project_eks.aws_iam_policy.cni_ipv6_policy",
            "module.project_eks.aws_iam_role.this",
            "module.project_eks.aws_iam_role_policy_attachment.this",
            "module.project_eks.aws_security_group.cluster",
            "module.project_eks.aws_security_group.node",
            "module.project_eks.aws_security_group_rule.cluster",
            "module.project_eks.aws_security_group_rule.node",
            "module.project_eks.data.aws_caller_identity.current",
            "module.project_eks.data.aws_iam_policy_document.assume_role_policy",
            "module.project_eks.data.aws_iam_policy_document.cni_ipv6_policy",
            "module.project_eks.data.aws_iam_session_context.current",
            "module.project_eks.data.aws_partition.current",
            "module.project_eks.data.tls_certificate.this",
            "module.project_eks.module.kms.aws_kms_external_key.this",
            "module.project_eks.module.kms.aws_kms_key.this",
            "module.project_eks.module.kms.aws_kms_replica_external_key.this",
            "module.project_eks.module.kms.aws_kms_replica_key.this",
            "module.project_eks.module.kms.data.aws_caller_identity.current",
            "module.project_eks.module.kms.data.aws_iam_policy_document.this",
            "module.project_eks.module.kms.data.aws_partition.current",
            "module.project_vpc.aws_subnet.private",
            "module.project_vpc.aws_vpc.this",
            "module.project_vpc.aws_vpc_ipv4_cidr_block_association.this"
          ]
        }
      ]
    },
    {
      "module": "module.project_eks",
      "mode": "managed",
      "type": "aws_iam_role",
      "name": "this",
      "provider": "provider[\"registry.terraform.io/hashicorp/aws\"]",
      "instances": [
        {
          "index_key": 0,
          "schema_version": 0,
          "attributes": {
            "arn": "arn:aws:iam::823796879023:role/project-cluster-cluster-20240825050015553500000001",
            "assume_role_policy": "{\"Statement\":[{\"Action\":\"sts:AssumeRole\",\"Effect\":\"Allow\",\"Principal\":{\"Service\":\"eks.amazonaws.com\"},\"Sid\":\"EKSClusterAssumeRole\"}],\"Version\":\"2012-10-17\"}",
            "create_date": "2024-08-25T05:00:16Z",
            "description": "",
            "force_detach_policies": true,
            "id": "project-cluster-cluster-20240825050015553500000001",
            "inline_policy": [
              {
                "name": "project-cluster-cluster",
                "policy": "{\"Version\":\"2012-10-17\",\"Statement\":[{\"Action\":[\"logs:CreateLogGroup\"],\"Effect\":\"Deny\",\"Resource\":\"*\"}]}"
              }
            ],
            "managed_policy_arns": [],
            "max_session_duration": 3600,
            "name": "project-cluster-cluster-20240825050015553500000001",
            "name_prefix": "project-cluster-cluster-",
            "path": "/",
            "permissions_boundary": "",
            "tags": null,
            "tags_all": {},
            "unique_id": "AROA37TQ6Z2X5CHSWGD3J"
          },
          "sensitive_attributes": [],
          "private": "bnVsbA==",
          "dependencies": [
            "module.project_eks.data.aws_iam_policy_document.assume_role_policy",
            "module.project_eks.data.aws_partition.current"
          ],
          "create_before_destroy": true
        }
      ]
    },
    {
      "module": "module.project_eks",
      "mode": "managed",
      "type": "aws_iam_role_policy_attachment",
      "name": "this",
      "provider": "provider[\"registry.terraform.io/hashicorp/aws\"]",
      "instances": [
        {
          "index_key": "AmazonEKSClusterPolicy",
          "schema_version": 0,
          "attributes": {
            "id": "project-cluster-cluster-20240825050015553500000001-20240825050017760900000002",
            "policy_arn": "arn:aws:iam::aws:policy/AmazonEKSClusterPolicy",
            "role": "project-cluster-cluster-20240825050015553500000001"
          },
          "sensitive_attributes": [],
          "private": "bnVsbA==",
          "dependencies": [
            "module.project_eks.aws_iam_role.this",
            "module.project_eks.data.aws_iam_policy_document.assume_role_policy",
            "module.project_eks.data.aws_partition.current"
          ],
          "create_before_destroy": true
        },
        {
          "index_key": "AmazonEKSVPCResourceController",
          "schema_version": 0,
          "attributes": {
            "id": "project-cluster-cluster-20240825050015553500000001-20240825050018007600000003",
            "policy_arn": "arn:aws:iam::aws:policy/AmazonEKSVPCResourceController",
            "role": "project-cluster-cluster-20240825050015553500000001"
          },
          "sensitive_attributes": [],
          "private": "bnVsbA==",
          "dependencies": [
            "module.project_eks.aws_iam_role.this",
            "module.project_eks.data.aws_iam_policy_document.assume_role_policy",
            "module.project_eks.data.aws_partition.current"
          ],
          "create_before_destroy": true
        }
      ]
    },
    {
      "module": "module.project_eks",
      "mode": "managed",
      "type": "aws_security_group",
      "name": "cluster",
      "provider": "provider[\"registry.terraform.io/hashicorp/aws\"]",
      "instances": [
        {
          "index_key": 0,
          "schema_version": 1,
          "attributes": {
            "arn": "arn:aws:ec2:ap-northeast-2:823796879023:security-group/sg-05e81944aefe64b87",
            "description": "EKS cluster security group",
            "egress": [],
            "id": "sg-05e81944aefe64b87",
            "ingress": [],
            "name": "project-cluster-cluster-20240825050027040600000007",
            "name_prefix": "project-cluster-cluster-",
            "owner_id": "823796879023",
            "revoke_rules_on_delete": false,
            "tags": {
              "Name": "project-cluster-cluster"
            },
            "tags_all": {
              "Name": "project-cluster-cluster"
            },
            "timeouts": null,
            "vpc_id": "vpc-0517acc9ffa2425a7"
          },
          "sensitive_attributes": [],
          "private": "eyJlMmJmYjczMC1lY2FhLTExZTYtOGY4OC0zNDM2M2JjN2M0YzAiOnsiY3JlYXRlIjo2MDAwMDAwMDAwMDAsImRlbGV0ZSI6OTAwMDAwMDAwMDAwfSwic2NoZW1hX3ZlcnNpb24iOiIxIn0=",
          "dependencies": [
            "module.project_vpc.aws_vpc.this"
          ],
          "create_before_destroy": true
        }
      ]
    },
    {
      "module": "module.project_eks",
      "mode": "managed",
      "type": "aws_security_group",
      "name": "node",
      "provider": "provider[\"registry.terraform.io/hashicorp/aws\"]",
      "instances": [
        {
          "index_key": 0,
          "schema_version": 1,
          "attributes": {
            "arn": "arn:aws:ec2:ap-northeast-2:823796879023:security-group/sg-0352aa211aa29110e",
            "description": "EKS node shared security group",
            "egress": [],
            "id": "sg-0352aa211aa29110e",
            "ingress": [],
            "name": "project-cluster-node-20240825050026677700000006",
            "name_prefix": "project-cluster-node-",
            "owner_id": "823796879023",
            "revoke_rules_on_delete": false,
            "tags": {
              "Name": "project-cluster-node",
              "kubernetes.io/cluster/project-cluster": "owned"
            },
            "tags_all": {
              "Name": "project-cluster-node",
              "kubernetes.io/cluster/project-cluster": "owned"
            },
            "timeouts": null,
            "vpc_id": "vpc-0517acc9ffa2425a7"
          },
          "sensitive_attributes": [],
          "private": "eyJlMmJmYjczMC1lY2FhLTExZTYtOGY4OC0zNDM2M2JjN2M0YzAiOnsiY3JlYXRlIjo2MDAwMDAwMDAwMDAsImRlbGV0ZSI6OTAwMDAwMDAwMDAwfSwic2NoZW1hX3ZlcnNpb24iOiIxIn0=",
          "dependencies": [
            "module.project_vpc.aws_vpc.this"
          ],
          "create_before_destroy": true
        }
      ]
    },
    {
      "module": "module.project_eks",
      "mode": "managed",
      "type": "aws_security_group_rule",
      "name": "cluster",
      "provider": "provider[\"registry.terraform.io/hashicorp/aws\"]",
      "instances": [
        {
          "index_key": "ingress_nodes_443",
          "schema_version": 2,
          "attributes": {
            "cidr_blocks": null,
            "description": "Node groups to cluster API",
            "from_port": 443,
            "id": "sgrule-3925869117",
            "ipv6_cidr_blocks": null,
            "prefix_list_ids": null,
            "protocol": "tcp",
            "security_group_id": "sg-05e81944aefe64b87",
            "security_group_rule_id": "sgr-0a509bb9373a3a42d",
            "self": false,
            "source_security_group_id": "sg-0352aa211aa29110e",
            "timeouts": null,
            "to_port": 443,
            "type": "ingress"
          },
          "sensitive_attributes": [],
          "private": "eyJlMmJmYjczMC1lY2FhLTExZTYtOGY4OC0zNDM2M2JjN2M0YzAiOnsiY3JlYXRlIjozMDAwMDAwMDAwMDB9LCJzY2hlbWFfdmVyc2lvbiI6IjIifQ==",
          "dependencies": [
            "module.project_eks.aws_security_group.cluster",
            "module.project_eks.aws_security_group.node",
            "module.project_vpc.aws_vpc.this"
          ],
          "create_before_destroy": true
        }
      ]
    },
    {
      "module": "module.project_eks",
      "mode": "managed",
      "type": "aws_security_group_rule",
      "name": "node",
      "provider": "provider[\"registry.terraform.io/hashicorp/aws\"]",
      "instances": [
        {
          "index_key": "egress_all",
          "schema_version": 2,
          "attributes": {
            "cidr_blocks": [
              "0.0.0.0/0"
            ],
            "description": "Allow all egress",
            "from_port": 0,
            "id": "sgrule-4223361238",
            "ipv6_cidr_blocks": null,
            "prefix_list_ids": [],
            "protocol": "-1",
            "security_group_id": "sg-0352aa211aa29110e",
            "security_group_rule_id": "sgr-066a97e7921309fb3",
            "self": false,
            "source_security_group_id": null,
            "timeouts": null,
            "to_port": 0,
            "type": "egress"
          },
          "sensitive_attributes": [],
          "private": "eyJlMmJmYjczMC1lY2FhLTExZTYtOGY4OC0zNDM2M2JjN2M0YzAiOnsiY3JlYXRlIjozMDAwMDAwMDAwMDB9LCJzY2hlbWFfdmVyc2lvbiI6IjIifQ==",
          "dependencies": [
            "module.project_eks.aws_security_group.cluster",
            "module.project_eks.aws_security_group.node",
            "module.project_vpc.aws_vpc.this"
          ],
          "create_before_destroy": true
        },
        {
          "index_key": "ingress_cluster_443",
          "schema_version": 2,
          "attributes": {
            "cidr_blocks": null,
            "description": "Cluster API to node groups",
            "from_port": 443,
            "id": "sgrule-3449485097",
            "ipv6_cidr_blocks": null,
            "prefix_list_ids": [],
            "protocol": "tcp",
            "security_group_id": "sg-0352aa211aa29110e",
            "security_group_rule_id": "sgr-0a32e570098d0e95f",
            "self": false,
            "source_security_group_id": "sg-05e81944aefe64b87",
            "timeouts": null,
            "to_port": 443,
            "type": "ingress"
          },
          "sensitive_attributes": [],
          "private": "eyJlMmJmYjczMC1lY2FhLTExZTYtOGY4OC0zNDM2M2JjN2M0YzAiOnsiY3JlYXRlIjozMDAwMDAwMDAwMDB9LCJzY2hlbWFfdmVyc2lvbiI6IjIifQ==",
          "dependencies": [
            "module.project_eks.aws_security_group.cluster",
            "module.project_eks.aws_security_group.node",
            "module.project_vpc.aws_vpc.this"
          ],
          "create_before_destroy": true
        },
        {
          "index_key": "ingress_cluster_4443_webhook",
          "schema_version": 2,
          "attributes": {
            "cidr_blocks": null,
            "description": "Cluster API to node 4443/tcp webhook",
            "from_port": 4443,
            "id": "sgrule-1484746412",
            "ipv6_cidr_blocks": null,
            "prefix_list_ids": [],
            "protocol": "tcp",
            "security_group_id": "sg-0352aa211aa29110e",
            "security_group_rule_id": "sgr-0c85b42db8e686acd",
            "self": false,
            "source_security_group_id": "sg-05e81944aefe64b87",
            "timeouts": null,
            "to_port": 4443,
            "type": "ingress"
          },
          "sensitive_attributes": [],
          "private": "eyJlMmJmYjczMC1lY2FhLTExZTYtOGY4OC0zNDM2M2JjN2M0YzAiOnsiY3JlYXRlIjozMDAwMDAwMDAwMDB9LCJzY2hlbWFfdmVyc2lvbiI6IjIifQ==",
          "dependencies": [
            "module.project_eks.aws_security_group.cluster",
            "module.project_eks.aws_security_group.node",
            "module.project_vpc.aws_vpc.this"
          ],
          "create_before_destroy": true
        },
        {
          "index_key": "ingress_cluster_6443_webhook",
          "schema_version": 2,
          "attributes": {
            "cidr_blocks": null,
            "description": "Cluster API to node 6443/tcp webhook",
            "from_port": 6443,
            "id": "sgrule-2436696378",
            "ipv6_cidr_blocks": null,
            "prefix_list_ids": [],
            "protocol": "tcp",
            "security_group_id": "sg-0352aa211aa29110e",
            "security_group_rule_id": "sgr-08f028b42b8a4d211",
            "self": false,
            "source_security_group_id": "sg-05e81944aefe64b87",
            "timeouts": null,
            "to_port": 6443,
            "type": "ingress"
          },
          "sensitive_attributes": [],
          "private": "eyJlMmJmYjczMC1lY2FhLTExZTYtOGY4OC0zNDM2M2JjN2M0YzAiOnsiY3JlYXRlIjozMDAwMDAwMDAwMDB9LCJzY2hlbWFfdmVyc2lvbiI6IjIifQ==",
          "dependencies": [
            "module.project_eks.aws_security_group.cluster",
            "module.project_eks.aws_security_group.node",
            "module.project_vpc.aws_vpc.this"
          ],
          "create_before_destroy": true
        },
        {
          "index_key": "ingress_cluster_8443_webhook",
          "schema_version": 2,
          "attributes": {
            "cidr_blocks": null,
            "description": "Cluster API to node 8443/tcp webhook",
            "from_port": 8443,
            "id": "sgrule-2187408667",
            "ipv6_cidr_blocks": null,
            "prefix_list_ids": [],
            "protocol": "tcp",
            "security_group_id": "sg-0352aa211aa29110e",
            "security_group_rule_id": "sgr-0f46e09941c421b16",
            "self": false,
            "source_security_group_id": "sg-05e81944aefe64b87",
            "timeouts": null,
            "to_port": 8443,
            "type": "ingress"
          },
          "sensitive_attributes": [],
          "private": "eyJlMmJmYjczMC1lY2FhLTExZTYtOGY4OC0zNDM2M2JjN2M0YzAiOnsiY3JlYXRlIjozMDAwMDAwMDAwMDB9LCJzY2hlbWFfdmVyc2lvbiI6IjIifQ==",
          "dependencies": [
            "module.project_eks.aws_security_group.cluster",
            "module.project_eks.aws_security_group.node",
            "module.project_vpc.aws_vpc.this"
          ],
          "create_before_destroy": true
        },
        {
          "index_key": "ingress_cluster_9443_webhook",
          "schema_version": 2,
          "attributes": {
            "cidr_blocks": null,
            "description": "Cluster API to node 9443/tcp webhook",
            "from_port": 9443,
            "id": "sgrule-3871344336",
            "ipv6_cidr_blocks": null,
            "prefix_list_ids": [],
            "protocol": "tcp",
            "security_group_id": "sg-0352aa211aa29110e",
            "security_group_rule_id": "sgr-0628f690a393e5e48",
            "self": false,
            "source_security_group_id": "sg-05e81944aefe64b87",
            "timeouts": null,
            "to_port": 9443,
            "type": "ingress"
          },
          "sensitive_attributes": [],
          "private": "eyJlMmJmYjczMC1lY2FhLTExZTYtOGY4OC0zNDM2M2JjN2M0YzAiOnsiY3JlYXRlIjozMDAwMDAwMDAwMDB9LCJzY2hlbWFfdmVyc2lvbiI6IjIifQ==",
          "dependencies": [
            "module.project_eks.aws_security_group.cluster",
            "module.project_eks.aws_security_group.node",
            "module.project_vpc.aws_vpc.this"
          ],
          "create_before_destroy": true
        },
        {
          "index_key": "ingress_cluster_kubelet",
          "schema_version": 2,
          "attributes": {
            "cidr_blocks": null,
            "description": "Cluster API to node kubelets",
            "from_port": 10250,
            "id": "sgrule-742288169",
            "ipv6_cidr_blocks": null,
            "prefix_list_ids": [],
            "protocol": "tcp",
            "security_group_id": "sg-0352aa211aa29110e",
            "security_group_rule_id": "sgr-09271bf58749b856b",
            "self": false,
            "source_security_group_id": "sg-05e81944aefe64b87",
            "timeouts": null,
            "to_port": 10250,
            "type": "ingress"
          },
          "sensitive_attributes": [],
          "private": "eyJlMmJmYjczMC1lY2FhLTExZTYtOGY4OC0zNDM2M2JjN2M0YzAiOnsiY3JlYXRlIjozMDAwMDAwMDAwMDB9LCJzY2hlbWFfdmVyc2lvbiI6IjIifQ==",
          "dependencies": [
            "module.project_eks.aws_security_group.cluster",
            "module.project_eks.aws_security_group.node",
            "module.project_vpc.aws_vpc.this"
          ],
          "create_before_destroy": true
        },
        {
          "index_key": "ingress_nodes_ephemeral",
          "schema_version": 2,
          "attributes": {
            "cidr_blocks": null,
            "description": "Node to node ingress on ephemeral ports",
            "from_port": 1025,
            "id": "sgrule-2842229504",
            "ipv6_cidr_blocks": null,
            "prefix_list_ids": [],
            "protocol": "tcp",
            "security_group_id": "sg-0352aa211aa29110e",
            "security_group_rule_id": "sgr-0bb7da90675dcce06",
            "self": true,
            "source_security_group_id": null,
            "timeouts": null,
            "to_port": 65535,
            "type": "ingress"
          },
          "sensitive_attributes": [],
          "private": "eyJlMmJmYjczMC1lY2FhLTExZTYtOGY4OC0zNDM2M2JjN2M0YzAiOnsiY3JlYXRlIjozMDAwMDAwMDAwMDB9LCJzY2hlbWFfdmVyc2lvbiI6IjIifQ==",
          "dependencies": [
            "module.project_eks.aws_security_group.cluster",
            "module.project_eks.aws_security_group.node",
            "module.project_vpc.aws_vpc.this"
          ],
          "create_before_destroy": true
        },
        {
          "index_key": "ingress_self_coredns_tcp",
          "schema_version": 2,
          "attributes": {
            "cidr_blocks": null,
            "description": "Node to node CoreDNS",
            "from_port": 53,
            "id": "sgrule-2837820752",
            "ipv6_cidr_blocks": null,
            "prefix_list_ids": [],
            "protocol": "tcp",
            "security_group_id": "sg-0352aa211aa29110e",
            "security_group_rule_id": "sgr-0d29f607ec708bc23",
            "self": true,
            "source_security_group_id": null,
            "timeouts": null,
            "to_port": 53,
            "type": "ingress"
          },
          "sensitive_attributes": [],
          "private": "eyJlMmJmYjczMC1lY2FhLTExZTYtOGY4OC0zNDM2M2JjN2M0YzAiOnsiY3JlYXRlIjozMDAwMDAwMDAwMDB9LCJzY2hlbWFfdmVyc2lvbiI6IjIifQ==",
          "dependencies": [
            "module.project_eks.aws_security_group.cluster",
            "module.project_eks.aws_security_group.node",
            "module.project_vpc.aws_vpc.this"
          ],
          "create_before_destroy": true
        },
        {
          "index_key": "ingress_self_coredns_udp",
          "schema_version": 2,
          "attributes": {
            "cidr_blocks": null,
            "description": "Node to node CoreDNS UDP",
            "from_port": 53,
            "id": "sgrule-226105023",
            "ipv6_cidr_blocks": null,
            "prefix_list_ids": [],
            "protocol": "udp",
            "security_group_id": "sg-0352aa211aa29110e",
            "security_group_rule_id": "sgr-0fb5e46da9027587e",
            "self": true,
            "source_security_group_id": null,
            "timeouts": null,
            "to_port": 53,
            "type": "ingress"
          },
          "sensitive_attributes": [],
          "private": "eyJlMmJmYjczMC1lY2FhLTExZTYtOGY4OC0zNDM2M2JjN2M0YzAiOnsiY3JlYXRlIjozMDAwMDAwMDAwMDB9LCJzY2hlbWFfdmVyc2lvbiI6IjIifQ==",
          "dependencies": [
            "module.project_eks.aws_security_group.cluster",
            "module.project_eks.aws_security_group.node",
            "module.project_vpc.aws_vpc.this"
          ],
          "create_before_destroy": true
        }
      ]
    },
    {
      "module": "module.project_eks",
      "mode": "managed",
      "type": "kubernetes_config_map_v1_data",
      "name": "aws_auth",
      "provider": "provider[\"registry.terraform.io/hashicorp/kubernetes\"]",
      "instances": [
        {
          "index_key": 0,
          "schema_version": 0,
          "attributes": {
            "data": {
              "mapAccounts": "[]\n",
              "mapRoles": "- \"groups\":\n  - \"system:bootstrappers\"\n  - \"system:nodes\"\n  \"rolearn\": \"arn:aws:iam::823796879023:role/project-ng-role-20240825050027224400000008\"\n  \"username\": \"system:node:{{EC2PrivateDNSName}}\"\n",
              "mapUsers": "[]\n"
            },
            "field_manager": "Terraform",
            "force": true,
            "id": "kube-system/aws-auth",
            "metadata": [
              {
                "name": "aws-auth",
                "namespace": "kube-system"
              }
            ]
          },
          "sensitive_attributes": [],
          "private": "bnVsbA==",
          "dependencies": [
            "data.aws_ami.project_eks_ami",
            "module.project_eks.aws_cloudwatch_log_group.this",
            "module.project_eks.aws_eks_cluster.this",
            "module.project_eks.aws_iam_policy.cni_ipv6_policy",
            "module.project_eks.aws_iam_role.this",
            "module.project_eks.aws_iam_role_policy_attachment.this",
            "module.project_eks.aws_security_group.cluster",
            "module.project_eks.aws_security_group.node",
            "module.project_eks.aws_security_group_rule.cluster",
            "module.project_eks.aws_security_group_rule.node",
            "module.project_eks.data.aws_caller_identity.current",
            "module.project_eks.data.aws_iam_policy_document.assume_role_policy",
            "module.project_eks.data.aws_iam_policy_document.cni_ipv6_policy",
            "module.project_eks.data.aws_iam_session_context.current",
            "module.project_eks.data.aws_partition.current",
            "module.project_eks.kubernetes_config_map.aws_auth",
            "module.project_eks.module.eks_managed_node_group.aws_autoscaling_schedule.this",
            "module.project_eks.module.eks_managed_node_group.aws_eks_node_group.this",
            "module.project_eks.module.eks_managed_node_group.aws_iam_role.this",
            "module.project_eks.module.eks_managed_node_group.aws_iam_role_policy_attachment.additional",
            "module.project_eks.module.eks_managed_node_group.aws_iam_role_policy_attachment.this",
            "module.project_eks.module.eks_managed_node_group.aws_launch_template.this",
            "module.project_eks.module.eks_managed_node_group.data.aws_caller_identity.current",
            "module.project_eks.module.eks_managed_node_group.data.aws_iam_policy_document.assume_role_policy",
            "module.project_eks.module.eks_managed_node_group.data.aws_partition.current",
            "module.project_eks.module.eks_managed_node_group.module.user_data.data.cloudinit_config.linux_eks_managed_node_group",
            "module.project_eks.module.fargate_profile.aws_eks_fargate_profile.this",
            "module.project_eks.module.fargate_profile.aws_iam_role.this",
            "module.project_eks.module.fargate_profile.aws_iam_role_policy_attachment.additional",
            "module.project_eks.module.fargate_profile.aws_iam_role_policy_attachment.this",
            "module.project_eks.module.fargate_profile.data.aws_caller_identity.current",
            "module.project_eks.module.fargate_profile.data.aws_iam_policy_document.assume_role_policy",
            "module.project_eks.module.fargate_profile.data.aws_partition.current",
            "module.project_eks.module.kms.aws_kms_external_key.this",
            "module.project_eks.module.kms.aws_kms_key.this",
            "module.project_eks.module.kms.aws_kms_replica_external_key.this",
            "module.project_eks.module.kms.aws_kms_replica_key.this",
            "module.project_eks.module.kms.data.aws_caller_identity.current",
            "module.project_eks.module.kms.data.aws_iam_policy_document.this",
            "module.project_eks.module.kms.data.aws_partition.current",
            "module.project_eks.module.self_managed_node_group.aws_autoscaling_group.this",
            "module.project_eks.module.self_managed_node_group.aws_autoscaling_schedule.this",
            "module.project_eks.module.self_managed_node_group.aws_iam_instance_profile.this",
            "module.project_eks.module.self_managed_node_group.aws_iam_role.this",
            "module.project_eks.module.self_managed_node_group.aws_iam_role_policy_attachment.additional",
            "module.project_eks.module.self_managed_node_group.aws_iam_role_policy_attachment.this",
            "module.project_eks.module.self_managed_node_group.aws_launch_template.this",
            "module.project_eks.module.self_managed_node_group.data.aws_ami.eks_default",
            "module.project_eks.module.self_managed_node_group.data.aws_caller_identity.current",
            "module.project_eks.module.self_managed_node_group.data.aws_iam_policy_document.assume_role_policy",
            "module.project_eks.module.self_managed_node_group.data.aws_partition.current",
            "module.project_eks.module.self_managed_node_group.module.user_data.data.cloudinit_config.linux_eks_managed_node_group",
            "module.project_eks.time_sleep.this",
            "module.project_vpc.aws_subnet.private",
            "module.project_vpc.aws_vpc.this",
            "module.project_vpc.aws_vpc_ipv4_cidr_block_association.this"
          ]
        }
      ]
    },
    {
      "module": "module.project_eks",
      "mode": "managed",
      "type": "time_sleep",
      "name": "this",
      "provider": "provider[\"registry.terraform.io/hashicorp/time\"]",
      "instances": [
        {
          "index_key": 0,
          "schema_version": 0,
          "attributes": {
            "create_duration": "30s",
            "destroy_duration": null,
            "id": "2024-08-25T05:09:04Z",
            "triggers": {
              "cluster_certificate_authority_data": "LS0tLS1CRUdJTiBDRVJUSUZJQ0FURS0tLS0tCk1JSURCVENDQWUyZ0F3SUJBZ0lJQ0NOTXZoMW54YjB3RFFZSktvWklodmNOQVFFTEJRQXdGVEVUTUJFR0ExVUUKQXhNS2EzVmlaWEp1WlhSbGN6QWVGdzB5TkRBNE1qVXdORFU1TWpGYUZ3MHpOREE0TWpNd05UQTBNakZhTUJVeApFekFSQmdOVkJBTVRDbXQxWW1WeWJtVjBaWE13Z2dFaU1BMEdDU3FHU0liM0RRRUJBUVVBQTRJQkR3QXdnZ0VLCkFvSUJBUURXUUV6SFpsZ1RjeThUVFdOUWY2MlRrTjcvUDVmcWRTbXJObjFBVEtSUkU2OGFibmdLTEwxS25HSDQKcGYyTEZ2M28xMDBjbWpwMWl1R1BBNlFzQmhmM3d4VE5Jek9xTlhheWhmRXFEbldtVU9ubWhvbjkrekxmS29Lbgo2NHUxTHY1b3hBQWVQbmxEbWlWNHY3c0E1Yk5hYkJObkFDNjN5d292NEV3Qm4yR1FEb25xQVVWUm8vVVBhdlpQClVpVjlhdmpJckU4WjVSOTQyTlc3UHRsbHRRcHM1WWk5eWdKK25PaWZmM2FPNG43NXhQTFZtMUxLUFBTTHVHQkQKY0J4SXZtemRNWUFaYS84bWg2S3lhMXZ4SHFQYXRHUWhDNFdTZTFDTzZRZFR2YnVEY3phZU1ucHRPNkdHNzV1RQpMTkdQNER3OFQ0OHVuSFFwZ3VkY3hjZnh1SGVCQWdNQkFBR2pXVEJYTUE0R0ExVWREd0VCL3dRRUF3SUNwREFQCkJnTlZIUk1CQWY4RUJUQURBUUgvTUIwR0ExVWREZ1FXQkJRczJQNHR0SHJZUUFCNVI0MG9UQ3l4ajNtNnhqQVYKQmdOVkhSRUVEakFNZ2dwcmRXSmxjbTVsZEdWek1BMEdDU3FHU0liM0RRRUJDd1VBQTRJQkFRQ05TTlhsaGZpQwp3b0d5MW8rZy9rWjhpMFpidytJbFlVQXZlYjMvMTRmMTNXanpJdEU5Q2xHRVc5Z2NVbEozaVlxRE13dnVYZWsyCm9iNld2eXFDSVI4ZmQwVnlydzEydnhSYTBEY0tZZ09STThzMmtTMWFXMC9EL09keW1mTklZSzFrcFk4S3BUaGYKaG0zc1lwSUhEOFI3bzBNSVJ1TnN0ZDBvUit2aHoyK1RnZE1RNU9GUlM5VFM5Qm9EM2pWVGY1RXppZkJBZGs4QQpZeWVOUnp6SVVPR1FMNUIyNDBJaXB0ZjMxMko5UlUzdDVpbEYwMjRyQkljRWU0YzI5M1k1anhERmVTSXRseloxCko3K0J5cStsZmxxc0dFL3M2Zy92U2sxaC8vUFNDb3Y1czhPV0VwYmZHUnlUWFFJOFJiREtJbHI4emc3b3dsU3oKdGIxcUxmSjE1YzZvCi0tLS0tRU5EIENFUlRJRklDQVRFLS0tLS0K",
              "cluster_endpoint": "https://97C6FE53CF1D4D5CF1E9908E3DE9B703.gr7.ap-northeast-2.eks.amazonaws.com",
              "cluster_name": "project-cluster",
              "cluster_version": "1.28"
            }
          },
          "sensitive_attributes": [],
          "dependencies": [
            "module.project_eks.aws_cloudwatch_log_group.this",
            "module.project_eks.aws_eks_cluster.this",
            "module.project_eks.aws_iam_policy.cni_ipv6_policy",
            "module.project_eks.aws_iam_role.this",
            "module.project_eks.aws_iam_role_policy_attachment.this",
            "module.project_eks.aws_security_group.cluster",
            "module.project_eks.aws_security_group.node",
            "module.project_eks.aws_security_group_rule.cluster",
            "module.project_eks.aws_security_group_rule.node",
            "module.project_eks.data.aws_caller_identity.current",
            "module.project_eks.data.aws_iam_policy_document.assume_role_policy",
            "module.project_eks.data.aws_iam_policy_document.cni_ipv6_policy",
            "module.project_eks.data.aws_iam_session_context.current",
            "module.project_eks.data.aws_partition.current",
            "module.project_eks.module.kms.aws_kms_external_key.this",
            "module.project_eks.module.kms.aws_kms_key.this",
            "module.project_eks.module.kms.aws_kms_replica_external_key.this",
            "module.project_eks.module.kms.aws_kms_replica_key.this",
            "module.project_eks.module.kms.data.aws_caller_identity.current",
            "module.project_eks.module.kms.data.aws_iam_policy_document.this",
            "module.project_eks.module.kms.data.aws_partition.current",
            "module.project_vpc.aws_subnet.private",
            "module.project_vpc.aws_vpc.this",
            "module.project_vpc.aws_vpc_ipv4_cidr_block_association.this"
          ],
          "create_before_destroy": true
        }
      ]
    },
    {
      "module": "module.project_eks.module.eks_managed_node_group[\"project\"]",
      "mode": "data",
      "type": "aws_caller_identity",
      "name": "current",
      "provider": "provider[\"registry.terraform.io/hashicorp/aws\"]",
      "instances": [
        {
          "schema_version": 0,
          "attributes": {
            "account_id": "823796879023",
            "arn": "arn:aws:iam::823796879023:user/admin",
            "id": "823796879023",
            "user_id": "AIDA37TQ6Z2X3C37SD2ZA"
          },
          "sensitive_attributes": []
        }
      ]
    },
    {
      "module": "module.project_eks.module.eks_managed_node_group[\"project\"]",
      "mode": "data",
      "type": "aws_iam_policy_document",
      "name": "assume_role_policy",
      "provider": "provider[\"registry.terraform.io/hashicorp/aws\"]",
      "instances": [
        {
          "index_key": 0,
          "schema_version": 0,
          "attributes": {
            "id": "2560088296",
            "json": "{\n  \"Version\": \"2012-10-17\",\n  \"Statement\": [\n    {\n      \"Sid\": \"EKSNodeAssumeRole\",\n      \"Effect\": \"Allow\",\n      \"Action\": \"sts:AssumeRole\",\n      \"Principal\": {\n        \"Service\": \"ec2.amazonaws.com\"\n      }\n    }\n  ]\n}",
            "minified_json": "{\"Version\":\"2012-10-17\",\"Statement\":[{\"Sid\":\"EKSNodeAssumeRole\",\"Effect\":\"Allow\",\"Action\":\"sts:AssumeRole\",\"Principal\":{\"Service\":\"ec2.amazonaws.com\"}}]}",
            "override_json": null,
            "override_policy_documents": null,
            "policy_id": null,
            "source_json": null,
            "source_policy_documents": null,
            "statement": [
              {
                "actions": [
                  "sts:AssumeRole"
                ],
                "condition": [],
                "effect": "Allow",
                "not_actions": [],
                "not_principals": [],
                "not_resources": [],
                "principals": [
                  {
                    "identifiers": [
                      "ec2.amazonaws.com"
                    ],
                    "type": "Service"
                  }
                ],
                "resources": [],
                "sid": "EKSNodeAssumeRole"
              }
            ],
            "version": "2012-10-17"
          },
          "sensitive_attributes": []
        }
      ]
    },
    {
      "module": "module.project_eks.module.eks_managed_node_group[\"project\"]",
      "mode": "data",
      "type": "aws_partition",
      "name": "current",
      "provider": "provider[\"registry.terraform.io/hashicorp/aws\"]",
      "instances": [
        {
          "schema_version": 0,
          "attributes": {
            "dns_suffix": "amazonaws.com",
            "id": "aws",
            "partition": "aws",
            "reverse_dns_prefix": "com.amazonaws"
          },
          "sensitive_attributes": []
        }
      ]
    },
    {
      "module": "module.project_eks.module.eks_managed_node_group[\"project\"]",
      "mode": "managed",
      "type": "aws_eks_node_group",
      "name": "this",
      "provider": "provider[\"registry.terraform.io/hashicorp/aws\"]",
      "instances": [
        {
          "index_key": 0,
          "schema_version": 0,
          "attributes": {
            "ami_type": "CUSTOM",
            "arn": "arn:aws:eks:ap-northeast-2:823796879023:nodegroup/project-cluster/project-ng-20240825050904502800000010/78c8c3f8-0bd0-5486-952f-63cdda9921ef",
            "capacity_type": "ON_DEMAND",
            "cluster_name": "project-cluster",
            "disk_size": 0,
            "force_update_version": null,
            "id": "project-cluster:project-ng-20240825050904502800000010",
            "instance_types": [
              "t3.medium"
            ],
            "labels": null,
            "launch_template": [
              {
                "id": "lt-042cde0dab5e25fb9",
                "name": "project-2024082505090428660000000e",
                "version": "1"
              }
            ],
            "node_group_name": "project-ng-20240825050904502800000010",
            "node_group_name_prefix": "project-ng-",
            "node_role_arn": "arn:aws:iam::823796879023:role/project-ng-role-20240825050027224400000008",
            "release_version": "ami-0a6a845afe72ba737",
            "remote_access": [],
            "resources": [
              {
                "autoscaling_groups": [
                  {
                    "name": "eks-project-ng-20240825050904502800000010-78c8c3f8-0bd0-5486-952f-63cdda9921ef"
                  }
                ],
                "remote_access_security_group_id": ""
              }
            ],
            "scaling_config": [
              {
                "desired_size": 1,
                "max_size": 2,
                "min_size": 1
              }
            ],
            "status": "ACTIVE",
            "subnet_ids": [
              "subnet-05cf9d7348b0f5226",
              "subnet-06f2778a9803bbf54"
            ],
            "tags": {
              "Name": "project-ng"
            },
            "tags_all": {
              "Name": "project-ng"
            },
            "taint": [],
            "timeouts": {
              "create": null,
              "delete": null,
              "update": null
            },
            "update_config": [
              {
                "max_unavailable": 0,
                "max_unavailable_percentage": 33
              }
            ],
            "version": "1.28"
          },
          "sensitive_attributes": [],
          "private": "eyJlMmJmYjczMC1lY2FhLTExZTYtOGY4OC0zNDM2M2JjN2M0YzAiOnsiY3JlYXRlIjozNjAwMDAwMDAwMDAwLCJkZWxldGUiOjM2MDAwMDAwMDAwMDAsInVwZGF0ZSI6MzYwMDAwMDAwMDAwMH19",
          "dependencies": [
            "data.aws_ami.project_eks_ami",
            "module.project_eks.aws_cloudwatch_log_group.this",
            "module.project_eks.aws_eks_cluster.this",
            "module.project_eks.aws_iam_policy.cni_ipv6_policy",
            "module.project_eks.aws_iam_role.this",
            "module.project_eks.aws_iam_role_policy_attachment.this",
            "module.project_eks.aws_security_group.cluster",
            "module.project_eks.aws_security_group.node",
            "module.project_eks.aws_security_group_rule.cluster",
            "module.project_eks.aws_security_group_rule.node",
            "module.project_eks.data.aws_caller_identity.current",
            "module.project_eks.data.aws_iam_policy_document.assume_role_policy",
            "module.project_eks.data.aws_iam_policy_document.cni_ipv6_policy",
            "module.project_eks.data.aws_iam_session_context.current",
            "module.project_eks.data.aws_partition.current",
            "module.project_eks.module.eks_managed_node_group.aws_iam_role.this",
            "module.project_eks.module.eks_managed_node_group.aws_iam_role_policy_attachment.this",
            "module.project_eks.module.eks_managed_node_group.aws_launch_template.this",
            "module.project_eks.module.eks_managed_node_group.data.aws_caller_identity.current",
            "module.project_eks.module.eks_managed_node_group.data.aws_iam_policy_document.assume_role_policy",
            "module.project_eks.module.eks_managed_node_group.data.aws_partition.current",
            "module.project_eks.module.eks_managed_node_group.module.user_data.data.cloudinit_config.linux_eks_managed_node_group",
            "module.project_eks.module.kms.aws_kms_external_key.this",
            "module.project_eks.module.kms.aws_kms_key.this",
            "module.project_eks.module.kms.aws_kms_replica_external_key.this",
            "module.project_eks.module.kms.aws_kms_replica_key.this",
            "module.project_eks.module.kms.data.aws_caller_identity.current",
            "module.project_eks.module.kms.data.aws_iam_policy_document.this",
            "module.project_eks.module.kms.data.aws_partition.current",
            "module.project_eks.time_sleep.this",
            "module.project_vpc.aws_subnet.private",
            "module.project_vpc.aws_vpc.this",
            "module.project_vpc.aws_vpc_ipv4_cidr_block_association.this"
          ],
          "create_before_destroy": true
        }
      ]
    },
    {
      "module": "module.project_eks.module.eks_managed_node_group[\"project\"]",
      "mode": "managed",
      "type": "aws_iam_role",
      "name": "this",
      "provider": "provider[\"registry.terraform.io/hashicorp/aws\"]",
      "instances": [
        {
          "index_key": 0,
          "schema_version": 0,
          "attributes": {
            "arn": "arn:aws:iam::823796879023:role/project-ng-role-20240825050027224400000008",
            "assume_role_policy": "{\"Statement\":[{\"Action\":\"sts:AssumeRole\",\"Effect\":\"Allow\",\"Principal\":{\"Service\":\"ec2.amazonaws.com\"},\"Sid\":\"EKSNodeAssumeRole\"}],\"Version\":\"2012-10-17\"}",
            "create_date": "2024-08-25T05:00:27Z",
            "description": "EKS managed node group IAM role",
            "force_detach_policies": true,
            "id": "project-ng-role-20240825050027224400000008",
            "inline_policy": [],
            "managed_policy_arns": [],
            "max_session_duration": 3600,
            "name": "project-ng-role-20240825050027224400000008",
            "name_prefix": "project-ng-role-",
            "path": "/",
            "permissions_boundary": "",
            "tags": null,
            "tags_all": {},
            "unique_id": "AROA37TQ6Z2X3M4JYJ6JY"
          },
          "sensitive_attributes": [],
          "private": "bnVsbA==",
          "dependencies": [
            "data.aws_ami.project_eks_ami",
            "module.project_eks.module.eks_managed_node_group.data.aws_iam_policy_document.assume_role_policy",
            "module.project_eks.module.eks_managed_node_group.data.aws_partition.current",
            "module.project_vpc.aws_subnet.private",
            "module.project_vpc.aws_vpc.this",
            "module.project_vpc.aws_vpc_ipv4_cidr_block_association.this"
          ],
          "create_before_destroy": true
        }
      ]
    },
    {
      "module": "module.project_eks.module.eks_managed_node_group[\"project\"]",
      "mode": "managed",
      "type": "aws_iam_role_policy_attachment",
      "name": "additional",
      "provider": "provider[\"registry.terraform.io/hashicorp/aws\"]",
      "instances": [
        {
          "index_key": "AmazonEBSCSIDriverPolicy",
          "schema_version": 0,
          "attributes": {
            "id": "project-ng-role-20240825050027224400000008-2024082505002981870000000d",
            "policy_arn": "arn:aws:iam::aws:policy/service-role/AmazonEBSCSIDriverPolicy",
            "role": "project-ng-role-20240825050027224400000008"
          },
          "sensitive_attributes": [],
          "private": "bnVsbA==",
          "dependencies": [
            "data.aws_ami.project_eks_ami",
            "module.project_eks.module.eks_managed_node_group.aws_iam_role.this",
            "module.project_eks.module.eks_managed_node_group.data.aws_iam_policy_document.assume_role_policy",
            "module.project_eks.module.eks_managed_node_group.data.aws_partition.current",
            "module.project_vpc.aws_subnet.private",
            "module.project_vpc.aws_vpc.this",
            "module.project_vpc.aws_vpc_ipv4_cidr_block_association.this"
          ]
        }
      ]
    },
    {
      "module": "module.project_eks.module.eks_managed_node_group[\"project\"]",
      "mode": "managed",
      "type": "aws_iam_role_policy_attachment",
      "name": "this",
      "provider": "provider[\"registry.terraform.io/hashicorp/aws\"]",
      "instances": [
        {
          "index_key": "arn:aws:iam::aws:policy/AmazonEC2ContainerRegistryReadOnly",
          "schema_version": 0,
          "attributes": {
            "id": "project-ng-role-20240825050027224400000008-2024082505002909160000000a",
            "policy_arn": "arn:aws:iam::aws:policy/AmazonEC2ContainerRegistryReadOnly",
            "role": "project-ng-role-20240825050027224400000008"
          },
          "sensitive_attributes": [],
          "private": "bnVsbA==",
          "dependencies": [
            "data.aws_ami.project_eks_ami",
            "module.project_eks.module.eks_managed_node_group.aws_iam_role.this",
            "module.project_eks.module.eks_managed_node_group.data.aws_caller_identity.current",
            "module.project_eks.module.eks_managed_node_group.data.aws_iam_policy_document.assume_role_policy",
            "module.project_eks.module.eks_managed_node_group.data.aws_partition.current",
            "module.project_vpc.aws_subnet.private",
            "module.project_vpc.aws_vpc.this",
            "module.project_vpc.aws_vpc_ipv4_cidr_block_association.this"
          ],
          "create_before_destroy": true
        },
        {
          "index_key": "arn:aws:iam::aws:policy/AmazonEKSWorkerNodePolicy",
          "schema_version": 0,
          "attributes": {
            "id": "project-ng-role-20240825050027224400000008-2024082505002957540000000c",
            "policy_arn": "arn:aws:iam::aws:policy/AmazonEKSWorkerNodePolicy",
            "role": "project-ng-role-20240825050027224400000008"
          },
          "sensitive_attributes": [],
          "private": "bnVsbA==",
          "dependencies": [
            "data.aws_ami.project_eks_ami",
            "module.project_eks.module.eks_managed_node_group.aws_iam_role.this",
            "module.project_eks.module.eks_managed_node_group.data.aws_caller_identity.current",
            "module.project_eks.module.eks_managed_node_group.data.aws_iam_policy_document.assume_role_policy",
            "module.project_eks.module.eks_managed_node_group.data.aws_partition.current",
            "module.project_vpc.aws_subnet.private",
            "module.project_vpc.aws_vpc.this",
            "module.project_vpc.aws_vpc_ipv4_cidr_block_association.this"
          ],
          "create_before_destroy": true
        },
        {
          "index_key": "arn:aws:iam::aws:policy/AmazonEKS_CNI_Policy",
          "schema_version": 0,
          "attributes": {
            "id": "project-ng-role-20240825050027224400000008-2024082505002941010000000b",
            "policy_arn": "arn:aws:iam::aws:policy/AmazonEKS_CNI_Policy",
            "role": "project-ng-role-20240825050027224400000008"
          },
          "sensitive_attributes": [],
          "private": "bnVsbA==",
          "dependencies": [
            "data.aws_ami.project_eks_ami",
            "module.project_eks.module.eks_managed_node_group.aws_iam_role.this",
            "module.project_eks.module.eks_managed_node_group.data.aws_caller_identity.current",
            "module.project_eks.module.eks_managed_node_group.data.aws_iam_policy_document.assume_role_policy",
            "module.project_eks.module.eks_managed_node_group.data.aws_partition.current",
            "module.project_vpc.aws_subnet.private",
            "module.project_vpc.aws_vpc.this",
            "module.project_vpc.aws_vpc_ipv4_cidr_block_association.this"
          ],
          "create_before_destroy": true
        }
      ]
    },
    {
      "module": "module.project_eks.module.eks_managed_node_group[\"project\"]",
      "mode": "managed",
      "type": "aws_launch_template",
      "name": "this",
      "provider": "provider[\"registry.terraform.io/hashicorp/aws\"]",
      "instances": [
        {
          "index_key": 0,
          "schema_version": 0,
          "attributes": {
            "arn": "arn:aws:ec2:ap-northeast-2:823796879023:launch-template/lt-042cde0dab5e25fb9",
            "block_device_mappings": [],
            "capacity_reservation_specification": [],
            "cpu_options": [],
            "credit_specification": [],
            "default_version": 1,
            "description": "Custom launch template for project-ng EKS managed node group",
            "disable_api_stop": false,
            "disable_api_termination": false,
            "ebs_optimized": "",
            "elastic_gpu_specifications": [],
            "elastic_inference_accelerator": [],
            "enclave_options": [],
            "hibernation_options": [],
            "iam_instance_profile": [],
            "id": "lt-042cde0dab5e25fb9",
            "image_id": "ami-0a6a845afe72ba737",
            "instance_initiated_shutdown_behavior": "",
            "instance_market_options": [],
            "instance_requirements": [],
            "instance_type": "",
            "kernel_id": "",
            "key_name": "",
            "latest_version": 1,
            "license_specification": [],
            "maintenance_options": [],
            "metadata_options": [
              {
                "http_endpoint": "enabled",
                "http_protocol_ipv6": "",
                "http_put_response_hop_limit": 2,
                "http_tokens": "required",
                "instance_metadata_tags": ""
              }
            ],
            "monitoring": [
              {
                "enabled": true
              }
            ],
            "name": "project-2024082505090428660000000e",
            "name_prefix": "project-",
            "network_interfaces": [],
            "placement": [],
            "private_dns_name_options": [],
            "ram_disk_id": "",
            "security_group_names": null,
            "tag_specifications": [
              {
                "resource_type": "instance",
                "tags": {
                  "Name": "project-ng"
                }
              },
              {
                "resource_type": "network-interface",
                "tags": {
                  "Name": "project-ng"
                }
              },
              {
                "resource_type": "volume",
                "tags": {
                  "Name": "project-ng"
                }
              }
            ],
            "tags": null,
            "tags_all": {},
            "update_default_version": true,
            "user_data": "IyEvYmluL2Jhc2gKc2V0IC1lCkI2NF9DTFVTVEVSX0NBPUxTMHRMUzFDUlVkSlRpQkRSVkpVU1VaSlEwRlVSUzB0TFMwdENrMUpTVVJDVkVORFFXVXlaMEYzU1VKQlowbEpRME5PVFhab01XNTRZakIzUkZGWlNrdHZXa2xvZG1OT1FWRkZURUpSUVhkR1ZFVlVUVUpGUjBFeFZVVUtRWGhOUzJFelZtbGFXRXAxV2xoU2JHTjZRV1ZHZHpCNVRrUkJORTFxVlhkT1JGVTFUV3BHWVVaM01IcE9SRUUwVFdwTmQwNVVRVEJOYWtaaFRVSlZlQXBGZWtGU1FtZE9Wa0pCVFZSRGJYUXhXVzFXZVdKdFZqQmFXRTEzWjJkRmFVMUJNRWREVTNGSFUwbGlNMFJSUlVKQlVWVkJRVFJKUWtSM1FYZG5aMFZMQ2tGdlNVSkJVVVJYVVVWNlNGcHNaMVJqZVRoVVZGZE9VV1kyTWxSclRqY3ZVRFZtY1dSVGJYSk9iakZCVkV0U1VrVTJPR0ZpYm1kTFRFd3hTMjVIU0RRS2NHWXlURVoyTTI4eE1EQmpiV3B3TVdsMVIxQkJObEZ6UW1obU0zZDRWRTVKZWs5eFRsaGhlV2htUlhGRWJsZHRWVTl1YldodmJqa3Jla3htUzI5TGJnbzJOSFV4VEhZMWIzaEJRV1ZRYm14RWJXbFdOSFkzYzBFMVlrNWhZa0pPYmtGRE5qTjVkMjkyTkVWM1FtNHlSMUZFYjI1eFFWVldVbTh2VlZCaGRscFFDbFZwVmpsaGRtcEpja1U0V2pWU09UUXlUbGMzVUhSc2JIUlJjSE0xV1drNWVXZEtLMjVQYVdabU0yRlBORzQzTlhoUVRGWnRNVXhMVUZCVFRIVkhRa1FLWTBKNFNYWnRlbVJOV1VGYVlTODRiV2cyUzNsaE1YWjRTSEZRWVhSSFVXaERORmRUWlRGRFR6WlJaRlIyWW5WRVkzcGhaVTF1Y0hSUE5rZEhOelYxUlFwTVRrZFFORVIzT0ZRME9IVnVTRkZ3WjNWa1kzaGpabmgxU0dWQ1FXZE5Ra0ZCUjJwWFZFSllUVUUwUjBFeFZXUkVkMFZDTDNkUlJVRjNTVU53UkVGUUNrSm5UbFpJVWsxQ1FXWTRSVUpVUVVSQlVVZ3ZUVUl3UjBFeFZXUkVaMUZYUWtKUmN6SlFOSFIwU0hKWlVVRkNOVkkwTUc5VVEzbDRhak50Tm5ocVFWWUtRbWRPVmtoU1JVVkVha0ZOWjJkd2NtUlhTbXhqYlRWc1pFZFdlazFCTUVkRFUzRkhVMGxpTTBSUlJVSkRkMVZCUVRSSlFrRlJRMDVUVGxoc2FHWnBRd3AzYjBkNU1XOHJaeTlyV2pocE1GcGlkeXRKYkZsVlFYWmxZak12TVRSbU1UTlhhbnBKZEVVNVEyeEhSVmM1WjJOVmJFb3phVmx4UkUxM2RuVllaV3N5Q205aU5sZDJlWEZEU1ZJNFptUXdWbmx5ZHpFeWRuaFNZVEJFWTB0WlowOVNUVGh6TW10VE1XRlhNQzlFTDA5a2VXMW1Ua2xaU3pGcmNGazRTM0JVYUdZS2FHMHpjMWx3U1VoRU9GSTNiekJOU1ZKMVRuTjBaREJ2VWl0MmFIb3lLMVJuWkUxUk5VOUdVbE01VkZNNVFtOUVNMnBXVkdZMVJYcHBaa0pCWkdzNFFRcFplV1ZPVW5wNlNWVlBSMUZNTlVJeU5EQkphWEIwWmpNeE1rbzVVbFV6ZERWcGJFWXdNalJ5UWtsalJXVTBZekk1TTFrMWFuaEVSbVZUU1hSc2Vsb3hDa28zSzBKNWNTdHNabXh4YzBkRkwzTTJaeTkyVTJzeGFDOHZVRk5EYjNZMWN6aFBWMFZ3WW1aSFVubFVXRkZKT0ZKaVJFdEpiSEk0ZW1jM2IzZHNVM29LZEdJeGNVeG1TakUxWXpadkNpMHRMUzB0UlU1RUlFTkZVbFJKUmtsRFFWUkZMUzB0TFMwSwpBUElfU0VSVkVSX1VSTD1odHRwczovLzk3QzZGRTUzQ0YxRDRENUNGMUU5OTA4RTNERTlCNzAzLmdyNy5hcC1ub3J0aGVhc3QtMi5la3MuYW1hem9uYXdzLmNvbQovZXRjL2Vrcy9ib290c3RyYXAuc2ggcHJvamVjdC1jbHVzdGVyICAtLWI2NC1jbHVzdGVyLWNhICRCNjRfQ0xVU1RFUl9DQSAtLWFwaXNlcnZlci1lbmRwb2ludCAkQVBJX1NFUlZFUl9VUkwK",
            "vpc_security_group_ids": [
              "sg-0352aa211aa29110e"
            ]
          },
          "sensitive_attributes": [],
          "private": "bnVsbA==",
          "dependencies": [
            "data.aws_ami.project_eks_ami",
            "module.project_eks.aws_cloudwatch_log_group.this",
            "module.project_eks.aws_eks_cluster.this",
            "module.project_eks.aws_iam_policy.cni_ipv6_policy",
            "module.project_eks.aws_iam_role.this",
            "module.project_eks.aws_iam_role_policy_attachment.this",
            "module.project_eks.aws_security_group.cluster",
            "module.project_eks.aws_security_group.node",
            "module.project_eks.aws_security_group_rule.cluster",
            "module.project_eks.aws_security_group_rule.node",
            "module.project_eks.data.aws_caller_identity.current",
            "module.project_eks.data.aws_iam_policy_document.assume_role_policy",
            "module.project_eks.data.aws_iam_policy_document.cni_ipv6_policy",
            "module.project_eks.data.aws_iam_session_context.current",
            "module.project_eks.data.aws_partition.current",
            "module.project_eks.module.eks_managed_node_group.aws_iam_role.this",
            "module.project_eks.module.eks_managed_node_group.aws_iam_role_policy_attachment.this",
            "module.project_eks.module.eks_managed_node_group.data.aws_caller_identity.current",
            "module.project_eks.module.eks_managed_node_group.data.aws_iam_policy_document.assume_role_policy",
            "module.project_eks.module.eks_managed_node_group.data.aws_partition.current",
            "module.project_eks.module.eks_managed_node_group.module.user_data.data.cloudinit_config.linux_eks_managed_node_group",
            "module.project_eks.module.kms.aws_kms_external_key.this",
            "module.project_eks.module.kms.aws_kms_key.this",
            "module.project_eks.module.kms.aws_kms_replica_external_key.this",
            "module.project_eks.module.kms.aws_kms_replica_key.this",
            "module.project_eks.module.kms.data.aws_caller_identity.current",
            "module.project_eks.module.kms.data.aws_iam_policy_document.this",
            "module.project_eks.module.kms.data.aws_partition.current",
            "module.project_eks.time_sleep.this",
            "module.project_vpc.aws_subnet.private",
            "module.project_vpc.aws_vpc.this",
            "module.project_vpc.aws_vpc_ipv4_cidr_block_association.this"
          ],
          "create_before_destroy": true
        }
      ]
    },
    {
      "module": "module.project_vpc",
      "mode": "managed",
      "type": "aws_default_network_acl",
      "name": "this",
      "provider": "provider[\"registry.terraform.io/hashicorp/aws\"]",
      "instances": [
        {
          "index_key": 0,
          "schema_version": 0,
          "attributes": {
            "arn": "arn:aws:ec2:ap-northeast-2:823796879023:network-acl/acl-055420aa69e6dce14",
            "default_network_acl_id": "acl-055420aa69e6dce14",
            "egress": [
              {
                "action": "allow",
                "cidr_block": "",
                "from_port": 0,
                "icmp_code": null,
                "icmp_type": null,
                "ipv6_cidr_block": "::/0",
                "protocol": "-1",
                "rule_no": 101,
                "to_port": 0
              },
              {
                "action": "allow",
                "cidr_block": "0.0.0.0/0",
                "from_port": 0,
                "icmp_code": null,
                "icmp_type": null,
                "ipv6_cidr_block": "",
                "protocol": "-1",
                "rule_no": 100,
                "to_port": 0
              }
            ],
            "id": "acl-055420aa69e6dce14",
            "ingress": [
              {
                "action": "allow",
                "cidr_block": "",
                "from_port": 0,
                "icmp_code": null,
                "icmp_type": null,
                "ipv6_cidr_block": "::/0",
                "protocol": "-1",
                "rule_no": 101,
                "to_port": 0
              },
              {
                "action": "allow",
                "cidr_block": "0.0.0.0/0",
                "from_port": 0,
                "icmp_code": null,
                "icmp_type": null,
                "ipv6_cidr_block": "",
                "protocol": "-1",
                "rule_no": 100,
                "to_port": 0
              }
            ],
            "owner_id": "823796879023",
            "subnet_ids": [
              "subnet-002dad8495f0c9000",
              "subnet-05cf9d7348b0f5226",
              "subnet-06f2778a9803bbf54",
              "subnet-0e8a1e3dbc25c6da3"
            ],
            "tags": {
              "Name": "project-vpc-default"
            },
            "tags_all": {
              "Name": "project-vpc-default"
            },
            "vpc_id": "vpc-0517acc9ffa2425a7"
          },
          "sensitive_attributes": [],
          "private": "bnVsbA==",
          "dependencies": [
            "module.project_vpc.aws_vpc.this"
          ]
        }
      ]
    },
    {
      "module": "module.project_vpc",
      "mode": "managed",
      "type": "aws_default_route_table",
      "name": "default",
      "provider": "provider[\"registry.terraform.io/hashicorp/aws\"]",
      "instances": [
        {
          "index_key": 0,
          "schema_version": 0,
          "attributes": {
            "arn": "arn:aws:ec2:ap-northeast-2:823796879023:route-table/rtb-02f4dffc1e68c75ec",
            "default_route_table_id": "rtb-02f4dffc1e68c75ec",
            "id": "rtb-02f4dffc1e68c75ec",
            "owner_id": "823796879023",
            "propagating_vgws": null,
            "route": [],
            "tags": {
              "Name": "project-vpc-default"
            },
            "tags_all": {
              "Name": "project-vpc-default"
            },
            "timeouts": {
              "create": "5m",
              "update": "5m"
            },
            "vpc_id": "vpc-0517acc9ffa2425a7"
          },
          "sensitive_attributes": [],
          "private": "eyJlMmJmYjczMC1lY2FhLTExZTYtOGY4OC0zNDM2M2JjN2M0YzAiOnsiY3JlYXRlIjozMDAwMDAwMDAwMDAsInVwZGF0ZSI6MzAwMDAwMDAwMDAwfX0=",
          "dependencies": [
            "module.project_vpc.aws_vpc.this"
          ]
        }
      ]
    },
    {
      "module": "module.project_vpc",
      "mode": "managed",
      "type": "aws_default_security_group",
      "name": "this",
      "provider": "provider[\"registry.terraform.io/hashicorp/aws\"]",
      "instances": [
        {
          "index_key": 0,
          "schema_version": 1,
          "attributes": {
            "arn": "arn:aws:ec2:ap-northeast-2:823796879023:security-group/sg-062fac126ff56817c",
            "description": "default VPC security group",
            "egress": [],
            "id": "sg-062fac126ff56817c",
            "ingress": [],
            "name": "default",
            "name_prefix": "",
            "owner_id": "823796879023",
            "revoke_rules_on_delete": false,
            "tags": {
              "Name": "project-vpc-default"
            },
            "tags_all": {
              "Name": "project-vpc-default"
            },
            "vpc_id": "vpc-0517acc9ffa2425a7"
          },
          "sensitive_attributes": [],
          "private": "eyJzY2hlbWFfdmVyc2lvbiI6IjEifQ==",
          "dependencies": [
            "module.project_vpc.aws_vpc.this"
          ]
        }
      ]
    },
    {
      "module": "module.project_vpc",
      "mode": "managed",
      "type": "aws_eip",
      "name": "nat",
      "provider": "provider[\"registry.terraform.io/hashicorp/aws\"]",
      "instances": [
        {
          "index_key": 0,
          "schema_version": 0,
          "attributes": {
            "address": null,
            "allocation_id": "eipalloc-03864a00f14966c2a",
            "arn": "arn:aws:ec2:ap-northeast-2:823796879023:elastic-ip/eipalloc-03864a00f14966c2a",
            "associate_with_private_ip": null,
            "association_id": "",
            "carrier_ip": "",
            "customer_owned_ip": "",
            "customer_owned_ipv4_pool": "",
            "domain": "vpc",
            "id": "eipalloc-03864a00f14966c2a",
            "instance": "",
            "network_border_group": "ap-northeast-2",
            "network_interface": "",
            "private_dns": null,
            "private_ip": "",
            "ptr_record": "",
            "public_dns": "ec2-43-203-4-149.ap-northeast-2.compute.amazonaws.com",
            "public_ip": "43.203.4.149",
            "public_ipv4_pool": "amazon",
            "tags": {
              "Name": "project-vpc-ap-northeast-2a"
            },
            "tags_all": {
              "Name": "project-vpc-ap-northeast-2a"
            },
            "timeouts": null,
            "vpc": true
          },
          "sensitive_attributes": [],
          "private": "eyJlMmJmYjczMC1lY2FhLTExZTYtOGY4OC0zNDM2M2JjN2M0YzAiOnsiZGVsZXRlIjoxODAwMDAwMDAwMDAsInJlYWQiOjkwMDAwMDAwMDAwMCwidXBkYXRlIjozMDAwMDAwMDAwMDB9fQ==",
          "dependencies": [
            "module.project_vpc.aws_internet_gateway.this",
            "module.project_vpc.aws_vpc.this",
            "module.project_vpc.aws_vpc_ipv4_cidr_block_association.this"
          ]
        }
      ]
    },
    {
      "module": "module.project_vpc",
      "mode": "managed",
      "type": "aws_internet_gateway",
      "name": "this",
      "provider": "provider[\"registry.terraform.io/hashicorp/aws\"]",
      "instances": [
        {
          "index_key": 0,
          "schema_version": 0,
          "attributes": {
            "arn": "arn:aws:ec2:ap-northeast-2:823796879023:internet-gateway/igw-04b54859a3a5752f1",
            "id": "igw-04b54859a3a5752f1",
            "owner_id": "823796879023",
            "tags": {
              "Name": "project-vpc"
            },
            "tags_all": {
              "Name": "project-vpc"
            },
            "timeouts": null,
            "vpc_id": "vpc-0517acc9ffa2425a7"
          },
          "sensitive_attributes": [],
          "private": "eyJlMmJmYjczMC1lY2FhLTExZTYtOGY4OC0zNDM2M2JjN2M0YzAiOnsiY3JlYXRlIjoxMjAwMDAwMDAwMDAwLCJkZWxldGUiOjEyMDAwMDAwMDAwMDAsInVwZGF0ZSI6MTIwMDAwMDAwMDAwMH19",
          "dependencies": [
            "module.project_vpc.aws_vpc.this",
            "module.project_vpc.aws_vpc_ipv4_cidr_block_association.this"
          ]
        }
      ]
    },
    {
      "module": "module.project_vpc",
      "mode": "managed",
      "type": "aws_nat_gateway",
      "name": "this",
      "provider": "provider[\"registry.terraform.io/hashicorp/aws\"]",
      "instances": [
        {
          "index_key": 0,
          "schema_version": 0,
          "attributes": {
            "allocation_id": "eipalloc-03864a00f14966c2a",
            "association_id": "eipassoc-0e591467098cad467",
            "connectivity_type": "public",
            "id": "nat-0d69bb06d9ccc85e3",
            "network_interface_id": "eni-0564620dcda011859",
            "private_ip": "10.0.1.61",
            "public_ip": "43.203.4.149",
            "secondary_allocation_ids": null,
            "secondary_private_ip_address_count": 0,
            "secondary_private_ip_addresses": [],
            "subnet_id": "subnet-0e8a1e3dbc25c6da3",
            "tags": {
              "Name": "project-vpc-ap-northeast-2a"
            },
            "tags_all": {
              "Name": "project-vpc-ap-northeast-2a"
            },
            "timeouts": null
          },
          "sensitive_attributes": [],
          "private": "eyJlMmJmYjczMC1lY2FhLTExZTYtOGY4OC0zNDM2M2JjN2M0YzAiOnsiY3JlYXRlIjo2MDAwMDAwMDAwMDAsImRlbGV0ZSI6MTgwMDAwMDAwMDAwMCwidXBkYXRlIjo2MDAwMDAwMDAwMDB9fQ==",
          "dependencies": [
            "module.project_vpc.aws_eip.nat",
            "module.project_vpc.aws_internet_gateway.this",
            "module.project_vpc.aws_subnet.public",
            "module.project_vpc.aws_vpc.this",
            "module.project_vpc.aws_vpc_ipv4_cidr_block_association.this"
          ]
        }
      ]
    },
    {
      "module": "module.project_vpc",
      "mode": "managed",
      "type": "aws_route",
      "name": "private_nat_gateway",
      "provider": "provider[\"registry.terraform.io/hashicorp/aws\"]",
      "instances": [
        {
          "index_key": 0,
          "schema_version": 0,
          "attributes": {
            "carrier_gateway_id": "",
            "core_network_arn": "",
            "destination_cidr_block": "0.0.0.0/0",
            "destination_ipv6_cidr_block": "",
            "destination_prefix_list_id": "",
            "egress_only_gateway_id": "",
            "gateway_id": "",
            "id": "r-rtb-04a135a312f8e804f1080289494",
            "instance_id": "",
            "instance_owner_id": "",
            "local_gateway_id": "",
            "nat_gateway_id": "nat-0d69bb06d9ccc85e3",
            "network_interface_id": "",
            "origin": "CreateRoute",
            "route_table_id": "rtb-04a135a312f8e804f",
            "state": "active",
            "timeouts": {
              "create": "5m",
              "delete": null,
              "update": null
            },
            "transit_gateway_id": "",
            "vpc_endpoint_id": "",
            "vpc_peering_connection_id": ""
          },
          "sensitive_attributes": [],
          "private": "eyJlMmJmYjczMC1lY2FhLTExZTYtOGY4OC0zNDM2M2JjN2M0YzAiOnsiY3JlYXRlIjozMDAwMDAwMDAwMDAsImRlbGV0ZSI6MzAwMDAwMDAwMDAwLCJ1cGRhdGUiOjEyMDAwMDAwMDAwMH19",
          "dependencies": [
            "module.project_vpc.aws_eip.nat",
            "module.project_vpc.aws_internet_gateway.this",
            "module.project_vpc.aws_nat_gateway.this",
            "module.project_vpc.aws_route_table.private",
            "module.project_vpc.aws_subnet.public",
            "module.project_vpc.aws_vpc.this",
            "module.project_vpc.aws_vpc_ipv4_cidr_block_association.this"
          ]
        }
      ]
    },
    {
      "module": "module.project_vpc",
      "mode": "managed",
      "type": "aws_route",
      "name": "public_internet_gateway",
      "provider": "provider[\"registry.terraform.io/hashicorp/aws\"]",
      "instances": [
        {
          "index_key": 0,
          "schema_version": 0,
          "attributes": {
            "carrier_gateway_id": "",
            "core_network_arn": "",
            "destination_cidr_block": "0.0.0.0/0",
            "destination_ipv6_cidr_block": "",
            "destination_prefix_list_id": "",
            "egress_only_gateway_id": "",
            "gateway_id": "igw-04b54859a3a5752f1",
            "id": "r-rtb-05255e2b1afa567d31080289494",
            "instance_id": "",
            "instance_owner_id": "",
            "local_gateway_id": "",
            "nat_gateway_id": "",
            "network_interface_id": "",
            "origin": "CreateRoute",
            "route_table_id": "rtb-05255e2b1afa567d3",
            "state": "active",
            "timeouts": {
              "create": "5m",
              "delete": null,
              "update": null
            },
            "transit_gateway_id": "",
            "vpc_endpoint_id": "",
            "vpc_peering_connection_id": ""
          },
          "sensitive_attributes": [],
          "private": "eyJlMmJmYjczMC1lY2FhLTExZTYtOGY4OC0zNDM2M2JjN2M0YzAiOnsiY3JlYXRlIjozMDAwMDAwMDAwMDAsImRlbGV0ZSI6MzAwMDAwMDAwMDAwLCJ1cGRhdGUiOjEyMDAwMDAwMDAwMH19",
          "dependencies": [
            "module.project_vpc.aws_internet_gateway.this",
            "module.project_vpc.aws_route_table.public",
            "module.project_vpc.aws_vpc.this",
            "module.project_vpc.aws_vpc_ipv4_cidr_block_association.this"
          ]
        }
      ]
    },
    {
      "module": "module.project_vpc",
      "mode": "managed",
      "type": "aws_route_table",
      "name": "private",
      "provider": "provider[\"registry.terraform.io/hashicorp/aws\"]",
      "instances": [
        {
          "index_key": 0,
          "schema_version": 0,
          "attributes": {
            "arn": "arn:aws:ec2:ap-northeast-2:823796879023:route-table/rtb-04a135a312f8e804f",
            "id": "rtb-04a135a312f8e804f",
            "owner_id": "823796879023",
            "propagating_vgws": [],
            "route": [],
            "tags": {
              "Name": "project-vpc-private"
            },
            "tags_all": {
              "Name": "project-vpc-private"
            },
            "timeouts": null,
            "vpc_id": "vpc-0517acc9ffa2425a7"
          },
          "sensitive_attributes": [],
          "private": "eyJlMmJmYjczMC1lY2FhLTExZTYtOGY4OC0zNDM2M2JjN2M0YzAiOnsiY3JlYXRlIjozMDAwMDAwMDAwMDAsImRlbGV0ZSI6MzAwMDAwMDAwMDAwLCJ1cGRhdGUiOjEyMDAwMDAwMDAwMH19",
          "dependencies": [
            "module.project_vpc.aws_vpc.this",
            "module.project_vpc.aws_vpc_ipv4_cidr_block_association.this"
          ]
        }
      ]
    },
    {
      "module": "module.project_vpc",
      "mode": "managed",
      "type": "aws_route_table",
      "name": "public",
      "provider": "provider[\"registry.terraform.io/hashicorp/aws\"]",
      "instances": [
        {
          "index_key": 0,
          "schema_version": 0,
          "attributes": {
            "arn": "arn:aws:ec2:ap-northeast-2:823796879023:route-table/rtb-05255e2b1afa567d3",
            "id": "rtb-05255e2b1afa567d3",
            "owner_id": "823796879023",
            "propagating_vgws": [],
            "route": [],
            "tags": {
              "Name": "project-vpc-public"
            },
            "tags_all": {
              "Name": "project-vpc-public"
            },
            "timeouts": null,
            "vpc_id": "vpc-0517acc9ffa2425a7"
          },
          "sensitive_attributes": [],
          "private": "eyJlMmJmYjczMC1lY2FhLTExZTYtOGY4OC0zNDM2M2JjN2M0YzAiOnsiY3JlYXRlIjozMDAwMDAwMDAwMDAsImRlbGV0ZSI6MzAwMDAwMDAwMDAwLCJ1cGRhdGUiOjEyMDAwMDAwMDAwMH19",
          "dependencies": [
            "module.project_vpc.aws_vpc.this",
            "module.project_vpc.aws_vpc_ipv4_cidr_block_association.this"
          ]
        }
      ]
    },
    {
      "module": "module.project_vpc",
      "mode": "managed",
      "type": "aws_route_table_association",
      "name": "private",
      "provider": "provider[\"registry.terraform.io/hashicorp/aws\"]",
      "instances": [
        {
          "index_key": 0,
          "schema_version": 0,
          "attributes": {
            "gateway_id": "",
            "id": "rtbassoc-0010ba6d9fd5264d1",
            "route_table_id": "rtb-04a135a312f8e804f",
            "subnet_id": "subnet-06f2778a9803bbf54",
            "timeouts": null
          },
          "sensitive_attributes": [],
          "private": "eyJlMmJmYjczMC1lY2FhLTExZTYtOGY4OC0zNDM2M2JjN2M0YzAiOnsiY3JlYXRlIjozMDAwMDAwMDAwMDAsImRlbGV0ZSI6MzAwMDAwMDAwMDAwLCJ1cGRhdGUiOjEyMDAwMDAwMDAwMH19",
          "dependencies": [
            "module.project_vpc.aws_route_table.private",
            "module.project_vpc.aws_subnet.private",
            "module.project_vpc.aws_vpc.this",
            "module.project_vpc.aws_vpc_ipv4_cidr_block_association.this"
          ]
        },
        {
          "index_key": 1,
          "schema_version": 0,
          "attributes": {
            "gateway_id": "",
            "id": "rtbassoc-08d7496c797a350a8",
            "route_table_id": "rtb-04a135a312f8e804f",
            "subnet_id": "subnet-05cf9d7348b0f5226",
            "timeouts": null
          },
          "sensitive_attributes": [],
          "private": "eyJlMmJmYjczMC1lY2FhLTExZTYtOGY4OC0zNDM2M2JjN2M0YzAiOnsiY3JlYXRlIjozMDAwMDAwMDAwMDAsImRlbGV0ZSI6MzAwMDAwMDAwMDAwLCJ1cGRhdGUiOjEyMDAwMDAwMDAwMH19",
          "dependencies": [
            "module.project_vpc.aws_route_table.private",
            "module.project_vpc.aws_subnet.private",
            "module.project_vpc.aws_vpc.this",
            "module.project_vpc.aws_vpc_ipv4_cidr_block_association.this"
          ]
        }
      ]
    },
    {
      "module": "module.project_vpc",
      "mode": "managed",
      "type": "aws_route_table_association",
      "name": "public",
      "provider": "provider[\"registry.terraform.io/hashicorp/aws\"]",
      "instances": [
        {
          "index_key": 0,
          "schema_version": 0,
          "attributes": {
            "gateway_id": "",
            "id": "rtbassoc-012b69a2e52f2d0a6",
            "route_table_id": "rtb-05255e2b1afa567d3",
            "subnet_id": "subnet-0e8a1e3dbc25c6da3",
            "timeouts": null
          },
          "sensitive_attributes": [],
          "private": "eyJlMmJmYjczMC1lY2FhLTExZTYtOGY4OC0zNDM2M2JjN2M0YzAiOnsiY3JlYXRlIjozMDAwMDAwMDAwMDAsImRlbGV0ZSI6MzAwMDAwMDAwMDAwLCJ1cGRhdGUiOjEyMDAwMDAwMDAwMH19",
          "dependencies": [
            "module.project_vpc.aws_route_table.public",
            "module.project_vpc.aws_subnet.public",
            "module.project_vpc.aws_vpc.this",
            "module.project_vpc.aws_vpc_ipv4_cidr_block_association.this"
          ]
        },
        {
          "index_key": 1,
          "schema_version": 0,
          "attributes": {
            "gateway_id": "",
            "id": "rtbassoc-0ea8673b69b095e9b",
            "route_table_id": "rtb-05255e2b1afa567d3",
            "subnet_id": "subnet-002dad8495f0c9000",
            "timeouts": null
          },
          "sensitive_attributes": [],
          "private": "eyJlMmJmYjczMC1lY2FhLTExZTYtOGY4OC0zNDM2M2JjN2M0YzAiOnsiY3JlYXRlIjozMDAwMDAwMDAwMDAsImRlbGV0ZSI6MzAwMDAwMDAwMDAwLCJ1cGRhdGUiOjEyMDAwMDAwMDAwMH19",
          "dependencies": [
            "module.project_vpc.aws_route_table.public",
            "module.project_vpc.aws_subnet.public",
            "module.project_vpc.aws_vpc.this",
            "module.project_vpc.aws_vpc_ipv4_cidr_block_association.this"
          ]
        }
      ]
    },
    {
      "module": "module.project_vpc",
      "mode": "managed",
      "type": "aws_subnet",
      "name": "private",
      "provider": "provider[\"registry.terraform.io/hashicorp/aws\"]",
      "instances": [
        {
          "index_key": 0,
          "schema_version": 1,
          "attributes": {
            "arn": "arn:aws:ec2:ap-northeast-2:823796879023:subnet/subnet-06f2778a9803bbf54",
            "assign_ipv6_address_on_creation": false,
            "availability_zone": "ap-northeast-2a",
            "availability_zone_id": "apne2-az1",
            "cidr_block": "10.0.101.0/24",
            "customer_owned_ipv4_pool": "",
            "enable_dns64": false,
            "enable_lni_at_device_index": 0,
            "enable_resource_name_dns_a_record_on_launch": false,
            "enable_resource_name_dns_aaaa_record_on_launch": false,
            "id": "subnet-06f2778a9803bbf54",
            "ipv6_cidr_block": "",
            "ipv6_cidr_block_association_id": "",
            "ipv6_native": false,
            "map_customer_owned_ip_on_launch": false,
            "map_public_ip_on_launch": false,
            "outpost_arn": "",
            "owner_id": "823796879023",
            "private_dns_hostname_type_on_launch": "ip-name",
            "tags": {
              "Name": "project-vpc-private-ap-northeast-2a",
              "kubernetes.io/role/internal-elb": "1"
            },
            "tags_all": {
              "Name": "project-vpc-private-ap-northeast-2a",
              "kubernetes.io/role/internal-elb": "1"
            },
            "timeouts": null,
            "vpc_id": "vpc-0517acc9ffa2425a7"
          },
          "sensitive_attributes": [],
          "private": "eyJlMmJmYjczMC1lY2FhLTExZTYtOGY4OC0zNDM2M2JjN2M0YzAiOnsiY3JlYXRlIjo2MDAwMDAwMDAwMDAsImRlbGV0ZSI6MTIwMDAwMDAwMDAwMH0sInNjaGVtYV92ZXJzaW9uIjoiMSJ9",
          "dependencies": [
            "module.project_vpc.aws_vpc.this",
            "module.project_vpc.aws_vpc_ipv4_cidr_block_association.this"
          ],
          "create_before_destroy": true
        },
        {
          "index_key": 1,
          "schema_version": 1,
          "attributes": {
            "arn": "arn:aws:ec2:ap-northeast-2:823796879023:subnet/subnet-05cf9d7348b0f5226",
            "assign_ipv6_address_on_creation": false,
            "availability_zone": "ap-northeast-2c",
            "availability_zone_id": "apne2-az3",
            "cidr_block": "10.0.102.0/24",
            "customer_owned_ipv4_pool": "",
            "enable_dns64": false,
            "enable_lni_at_device_index": 0,
            "enable_resource_name_dns_a_record_on_launch": false,
            "enable_resource_name_dns_aaaa_record_on_launch": false,
            "id": "subnet-05cf9d7348b0f5226",
            "ipv6_cidr_block": "",
            "ipv6_cidr_block_association_id": "",
            "ipv6_native": false,
            "map_customer_owned_ip_on_launch": false,
            "map_public_ip_on_launch": false,
            "outpost_arn": "",
            "owner_id": "823796879023",
            "private_dns_hostname_type_on_launch": "ip-name",
            "tags": {
              "Name": "project-vpc-private-ap-northeast-2c",
              "kubernetes.io/role/internal-elb": "1"
            },
            "tags_all": {
              "Name": "project-vpc-private-ap-northeast-2c",
              "kubernetes.io/role/internal-elb": "1"
            },
            "timeouts": null,
            "vpc_id": "vpc-0517acc9ffa2425a7"
          },
          "sensitive_attributes": [],
          "private": "eyJlMmJmYjczMC1lY2FhLTExZTYtOGY4OC0zNDM2M2JjN2M0YzAiOnsiY3JlYXRlIjo2MDAwMDAwMDAwMDAsImRlbGV0ZSI6MTIwMDAwMDAwMDAwMH0sInNjaGVtYV92ZXJzaW9uIjoiMSJ9",
          "dependencies": [
            "module.project_vpc.aws_vpc.this",
            "module.project_vpc.aws_vpc_ipv4_cidr_block_association.this"
          ],
          "create_before_destroy": true
        }
      ]
    },
    {
      "module": "module.project_vpc",
      "mode": "managed",
      "type": "aws_subnet",
      "name": "public",
      "provider": "provider[\"registry.terraform.io/hashicorp/aws\"]",
      "instances": [
        {
          "index_key": 0,
          "schema_version": 1,
          "attributes": {
            "arn": "arn:aws:ec2:ap-northeast-2:823796879023:subnet/subnet-0e8a1e3dbc25c6da3",
            "assign_ipv6_address_on_creation": false,
            "availability_zone": "ap-northeast-2a",
            "availability_zone_id": "apne2-az1",
            "cidr_block": "10.0.1.0/24",
            "customer_owned_ipv4_pool": "",
            "enable_dns64": false,
            "enable_lni_at_device_index": 0,
            "enable_resource_name_dns_a_record_on_launch": false,
            "enable_resource_name_dns_aaaa_record_on_launch": false,
            "id": "subnet-0e8a1e3dbc25c6da3",
            "ipv6_cidr_block": "",
            "ipv6_cidr_block_association_id": "",
            "ipv6_native": false,
            "map_customer_owned_ip_on_launch": false,
            "map_public_ip_on_launch": false,
            "outpost_arn": "",
            "owner_id": "823796879023",
            "private_dns_hostname_type_on_launch": "ip-name",
            "tags": {
              "Name": "project-vpc-public-ap-northeast-2a",
              "kubernetes.io/role/elb": "1"
            },
            "tags_all": {
              "Name": "project-vpc-public-ap-northeast-2a",
              "kubernetes.io/role/elb": "1"
            },
            "timeouts": null,
            "vpc_id": "vpc-0517acc9ffa2425a7"
          },
          "sensitive_attributes": [],
          "private": "eyJlMmJmYjczMC1lY2FhLTExZTYtOGY4OC0zNDM2M2JjN2M0YzAiOnsiY3JlYXRlIjo2MDAwMDAwMDAwMDAsImRlbGV0ZSI6MTIwMDAwMDAwMDAwMH0sInNjaGVtYV92ZXJzaW9uIjoiMSJ9",
          "dependencies": [
            "module.project_vpc.aws_vpc.this",
            "module.project_vpc.aws_vpc_ipv4_cidr_block_association.this"
          ]
        },
        {
          "index_key": 1,
          "schema_version": 1,
          "attributes": {
            "arn": "arn:aws:ec2:ap-northeast-2:823796879023:subnet/subnet-002dad8495f0c9000",
            "assign_ipv6_address_on_creation": false,
            "availability_zone": "ap-northeast-2c",
            "availability_zone_id": "apne2-az3",
            "cidr_block": "10.0.2.0/24",
            "customer_owned_ipv4_pool": "",
            "enable_dns64": false,
            "enable_lni_at_device_index": 0,
            "enable_resource_name_dns_a_record_on_launch": false,
            "enable_resource_name_dns_aaaa_record_on_launch": false,
            "id": "subnet-002dad8495f0c9000",
            "ipv6_cidr_block": "",
            "ipv6_cidr_block_association_id": "",
            "ipv6_native": false,
            "map_customer_owned_ip_on_launch": false,
            "map_public_ip_on_launch": false,
            "outpost_arn": "",
            "owner_id": "823796879023",
            "private_dns_hostname_type_on_launch": "ip-name",
            "tags": {
              "Name": "project-vpc-public-ap-northeast-2c",
              "kubernetes.io/role/elb": "1"
            },
            "tags_all": {
              "Name": "project-vpc-public-ap-northeast-2c",
              "kubernetes.io/role/elb": "1"
            },
            "timeouts": null,
            "vpc_id": "vpc-0517acc9ffa2425a7"
          },
          "sensitive_attributes": [],
          "private": "eyJlMmJmYjczMC1lY2FhLTExZTYtOGY4OC0zNDM2M2JjN2M0YzAiOnsiY3JlYXRlIjo2MDAwMDAwMDAwMDAsImRlbGV0ZSI6MTIwMDAwMDAwMDAwMH0sInNjaGVtYV92ZXJzaW9uIjoiMSJ9",
          "dependencies": [
            "module.project_vpc.aws_vpc.this",
            "module.project_vpc.aws_vpc_ipv4_cidr_block_association.this"
          ]
        }
      ]
    },
    {
      "module": "module.project_vpc",
      "mode": "managed",
      "type": "aws_vpc",
      "name": "this",
      "provider": "provider[\"registry.terraform.io/hashicorp/aws\"]",
      "instances": [
        {
          "index_key": 0,
          "schema_version": 1,
          "attributes": {
            "arn": "arn:aws:ec2:ap-northeast-2:823796879023:vpc/vpc-0517acc9ffa2425a7",
            "assign_generated_ipv6_cidr_block": false,
            "cidr_block": "10.0.0.0/16",
            "default_network_acl_id": "acl-055420aa69e6dce14",
            "default_route_table_id": "rtb-02f4dffc1e68c75ec",
            "default_security_group_id": "sg-062fac126ff56817c",
            "dhcp_options_id": "dopt-0b40dfbb6f37bbf82",
            "enable_dns_hostnames": true,
            "enable_dns_support": true,
            "enable_network_address_usage_metrics": false,
            "id": "vpc-0517acc9ffa2425a7",
            "instance_tenancy": "default",
            "ipv4_ipam_pool_id": null,
            "ipv4_netmask_length": null,
            "ipv6_association_id": "",
            "ipv6_cidr_block": "",
            "ipv6_cidr_block_network_border_group": "",
            "ipv6_ipam_pool_id": "",
            "ipv6_netmask_length": 0,
            "main_route_table_id": "rtb-02f4dffc1e68c75ec",
            "owner_id": "823796879023",
            "tags": {
              "Name": "project-vpc"
            },
            "tags_all": {
              "Name": "project-vpc"
            }
          },
          "sensitive_attributes": [],
          "private": "eyJzY2hlbWFfdmVyc2lvbiI6IjEifQ==",
          "create_before_destroy": true
        }
      ]
    }
  ],
  "check_results": null
}
